{
  "originHash" : "aee8c32692415d4da1665650fb7e90a8b3419191cec15827e4162e299c8ca640",
  "pins" : [
    {
      "identity" : "cache",
      "kind" : "remoteSourceControl",
      "location" : "https://github.com/hyperoslo/Cache.git",
      "state" : {
        "revision" : "24e47109e31b2031cb26e25cc1b81b607496066c",
        "version" : "7.4.0"
      }
    },
    {
      "identity" : "hockeykit",
      "kind" : "remoteSourceControl",
      "location" : "https://github.com/KibbeWater/HockeyKit",
      "state" : {
        "branch" : "main",
        "revision" : "44ab3013471db1f3481968e0d17000047fabfe19"
      }
    }
  ],
  "version" : 3
}
