{
  "originHash" : "13c225c55b783e9018a4e17c11d8af4cb1650588c79cff8c33fabf75e0ef532a",
  "pins" : [
    {
      "identity" : "cache",
      "kind" : "remoteSourceControl",
      "location" : "https://github.com/hyperoslo/Cache.git",
      "state" : {
        "revision" : "24e47109e31b2031cb26e25cc1b81b607496066c",
        "version" : "7.4.0"
      }
    },
    {
      "identity" : "hockeykit",
      "kind" : "remoteSourceControl",
      "location" : "https://github.com/KibbeWater/HockeyKit",
      "state" : {
        "branch" : "main",
        "revision" : "44ab3013471db1f3481968e0d17000047fabfe19"
      }
    },
    {
      "identity" : "posthog-ios",
      "kind" : "remoteSourceControl",
      "location" : "https://github.com/PostHog/posthog-ios.git",
      "state" : {
        "revision" : "5077fa8ef9f7823030198fa2dd742f5b3f19f433",
        "version" : "3.20.1"
      }
    }
  ],
  "version" : 3
}
