{
  "originHash" : "02a4bf877ec3cfbd6642ffc68e740f553c7ec8f61636670cfddaad537ea53c8d",
  "pins" : [
    {
      "identity" : "cocoalumberjack",
      "kind" : "remoteSourceControl",
      "location" : "https://github.com/CocoaLumberjack/CocoaLumberjack.git",
      "state" : {
        "revision" : "a9ed4b6f9bdedce7d77046f43adfb8ce1fd54114",
        "version" : "3.9.0"
      }
    },
    {
      "identity" : "kingfisher",
      "kind" : "remoteSourceControl",
      "location" : "https://github.com/onevcat/Kingfisher.git",
      "state" : {
        "revision" : "c92b84898e34ab46ff0dad86c02a0acbe2d87008",
        "version" : "8.8.0"
      }
    },
    {
      "identity" : "plcrashreporter",
      "kind" : "remoteSourceControl",
      "location" : "https://github.com/microsoft/plcrashreporter.git",
      "state" : {
        "revision" : "0254f941c646b1ed17b243654723d0f071e990d0",
        "version" : "1.12.2"
      }
    },
    {
      "identity" : "posthog-ios",
      "kind" : "remoteSourceControl",
      "location" : "https://github.com/PostHog/posthog-ios.git",
      "state" : {
        "revision" : "573b68562fb03438b1f535d3326b00a731233f4f",
        "version" : "3.48.0"
      }
    },
    {
      "identity" : "svgkit",
      "kind" : "remoteSourceControl",
      "location" : "https://github.com/SVGKit/SVGKit.git",
      "state" : {
        "revision" : "58152b9f7c85eab239160b36ffdfd364aa43d666",
        "version" : "3.0.0"
      }
    },
    {
      "identity" : "swift-log",
      "kind" : "remoteSourceControl",
      "location" : "https://github.com/apple/swift-log.git",
      "state" : {
        "revision" : "bbd81b6725ae874c69e9b8c8804d462356b55523",
        "version" : "1.10.1"
      }
    }
  ],
  "version" : 3
}
