// !$*UTF8*$!
{
	archiveVersion = 1;
	classes = {
	};
	objectVersion = 55;
	objects = {

/* Begin PBXBuildFile section */
		03BC07F890E16E9F1C4C49FA /* PlayerViewModel.swift in Sources */ = {isa = PBXBuildFile; fileRef = BACCADE64A38D2EEC231B0CD /* PlayerViewModel.swift */; };
		0A519F3ED961A80147C1C605 /* CocoaLumberjack_CocoaLumberjack.bundle in Dependencies */ = {isa = PBXBuildFile; fileRef = 4BF873744F38E1F4D8A4E7A4 /* CocoaLumberjack_CocoaLumberjack.bundle */; };
		0D01403609F112B205BEC879 /* OnboardingContainerView.swift in Sources */ = {isa = PBXBuildFile; fileRef = 224322F1655A6DDB68C4107E /* OnboardingContainerView.swift */; };
		0DA6EBF58039544EBD476E7A /* Assets.xcassets in Resources */ = {isa = PBXBuildFile; fileRef = C613D195083BA5B9553E09F5 /* Assets.xcassets */; };
		11BE88D73EFC32D979C6ABFC /* PromptTeam.swift in Sources */ = {isa = PBXBuildFile; fileRef = B4B5C500DDCC6F62B505E404 /* PromptTeam.swift */; };
		1213A8B3D00B387C1A59F9A8 /* CocoaLumberjack_CocoaLumberjack.bundle in Resources */ = {isa = PBXBuildFile; fileRef = 4BF873744F38E1F4D8A4E7A4 /* CocoaLumberjack_CocoaLumberjack.bundle */; };
		173CF92E37BC2C124B4894DE /* CurrentSeason.swift in Sources */ = {isa = PBXBuildFile; fileRef = 50CD676BE7D6923C4DAADAE7 /* CurrentSeason.swift */; };
		1807C049FC7BE25BBEE61DDF /* MatchCardCompact.swift in Sources */ = {isa = PBXBuildFile; fileRef = 6F5A888F314487B88CB1ECC4 /* MatchCardCompact.swift */; };
		1B86EDCD102BF6CCA96D29F3 /* PBPEventRowView.swift in Sources */ = {isa = PBXBuildFile; fileRef = A1D74DED78299EDDC2937304 /* PBPEventRowView.swift */; };
		1EA27229635174B0E9535030 /* ImageProcessor.swift in Sources */ = {isa = PBXBuildFile; fileRef = E66E69C9FA51414298864017 /* ImageProcessor.swift */; };
		294518654CFF0D91AAF4F7F1 /* WidgetStandings.swift in Sources */ = {isa = PBXBuildFile; fileRef = C1D2BF65D5FA7C51E623CC39 /* WidgetStandings.swift */; };
		2E486CF9FD4F397B47FB0570 /* WelcomePageView.swift in Sources */ = {isa = PBXBuildFile; fileRef = 91FAC8DF1086B3D9935B7966 /* WelcomePageView.swift */; };
		2EC506E25BB9973DE99FBA07 /* TeamView.swift in Sources */ = {isa = PBXBuildFile; fileRef = 377DF23495ABA1B817F5A9B4 /* TeamView.swift */; };
		2ED76F30F7E88087CE9312DD /* OnlineFeaturesPageView.swift in Sources */ = {isa = PBXBuildFile; fileRef = 3194A4D516FA458DA817FD02 /* OnlineFeaturesPageView.swift */; };
		30935F5EBF6BDEE36CF92FC8 /* SHLApp.swift in Sources */ = {isa = PBXBuildFile; fileRef = 4342916380D1E003E510AD24 /* SHLApp.swift */; };
		377224E4673466C631D470AF /* Launch Screen.storyboard in Resources */ = {isa = PBXBuildFile; fileRef = 2B743C39388EB5BBB9CC28C5 /* Launch Screen.storyboard */; };
		39013AEDF8836225DA95C11B /* SHLWidgetUpcoming.swift in Sources */ = {isa = PBXBuildFile; fileRef = D3207237FDC8A388E95799DE /* SHLWidgetUpcoming.swift */; };
		3F423422A55BCC9F9FEE96F0 /* TeamColorCache.swift in Sources */ = {isa = PBXBuildFile; fileRef = 30D446DA9CF7469E8CB11C4F /* TeamColorCache.swift */; };
		4087E7C7CA3B52811ADE532B /* SHLWidgetAttributes.swift in Sources */ = {isa = PBXBuildFile; fileRef = D8FE3CF04C86CE5C6201E5BC /* SHLWidgetAttributes.swift */; };
		424630412720D7416F215AF2 /* Preview Assets.xcassets in Resources */ = {isa = PBXBuildFile; fileRef = E52042E977279C814D2ECF11 /* Preview Assets.xcassets */; };
		44C90297F273A713D82BCCA6 /* MatchListView.swift in Sources */ = {isa = PBXBuildFile; fileRef = 6BCD516E53219ED237C2F62D /* MatchListView.swift */; };
		451A6D1C3D2F8297D9C769DC /* SVGKit.framework in Frameworks */ = {isa = PBXBuildFile; fileRef = B28737A5386D3090705995A7 /* SVGKit.framework */; };
		45319365E04FDC63F60EA402 /* WidgetGame.swift in Sources */ = {isa = PBXBuildFile; fileRef = DB535633CC478DD45B20C8EC /* WidgetGame.swift */; };
		49B3C6732146B3E10452C6BF /* PostHog.framework in Embed Frameworks */ = {isa = PBXBuildFile; fileRef = 65AC75F17D74D31773FCFE60 /* PostHog.framework */; settings = {ATTRIBUTES = (CodeSignOnCopy, RemoveHeadersOnCopy, ); }; };
		4C5B9D567A67C298F697EEBF /* WidgetFeaturedGame.swift in Sources */ = {isa = PBXBuildFile; fileRef = 0830E029FF49023B5818DC57 /* WidgetFeaturedGame.swift */; };
		4F1F11087877990DB5905E09 /* TeamLogoView.swift in Sources */ = {isa = PBXBuildFile; fileRef = 7FC3824C3E13C13860202A36 /* TeamLogoView.swift */; };
		505D0F679382AAD654A4C1B6 /* TeamSelectionPageView.swift in Sources */ = {isa = PBXBuildFile; fileRef = 1BF8F22E5FB7D070AF47F091 /* TeamSelectionPageView.swift */; };
		5169ED8D8F8DA9329152A539 /* ReminderContext.swift in Sources */ = {isa = PBXBuildFile; fileRef = E360D0EBBC641417B4F75C5F /* ReminderContext.swift */; };
		557F7A9F935291E6954B0440 /* MatchListViewModel.swift in Sources */ = {isa = PBXBuildFile; fileRef = EEE2225E80FFB3399382BB39 /* MatchListViewModel.swift */; };
		558C4090362AC3F241F71C36 /* MatchOverview.swift in Sources */ = {isa = PBXBuildFile; fileRef = B6B55BAF811A12621DD4C646 /* MatchOverview.swift */; };
		575A68E6AC5E77D690C69C61 /* PLCrashReporter_CrashReporter.bundle in Resources */ = {isa = PBXBuildFile; fileRef = A9C23C4F7F88CA0F559E56BB /* PLCrashReporter_CrashReporter.bundle */; };
		5B281BBD13589E5BF468A03A /* WidgetSharedColorCache.swift in Sources */ = {isa = PBXBuildFile; fileRef = 22DC4E64A1D92BA3E037DF21 /* WidgetSharedColorCache.swift */; };
		5C314215B543BFBD98A29461 /* SettingsView.swift in Sources */ = {isa = PBXBuildFile; fileRef = E79E0D4F5CD27524A8AE9074 /* SettingsView.swift */; };
		5C547922189DCD5D546E46DB /* StandingsTable.swift in Sources */ = {isa = PBXBuildFile; fileRef = CE09C3C37474218D1BC7EF5B /* StandingsTable.swift */; };
		5DD2B7F54F98087476EEC776 /* SHLCore in Frameworks */ = {isa = PBXBuildFile; productRef = 50BC2E97784DA29CA21F7A93 /* SHLCore */; };
		641DD03F8A8895C7AE140634 /* AppIntent.swift in Sources */ = {isa = PBXBuildFile; fileRef = D1027177897DA63F4E451D78 /* AppIntent.swift */; };
		69E3A44002341DE40D1D0BBF /* ScrollPosition.swift in Sources */ = {isa = PBXBuildFile; fileRef = 10B6AF8B8CDFFD00B42CE0DD /* ScrollPosition.swift */; };
		6C0E4718DF0C7E591930EE06 /* Root.swift in Sources */ = {isa = PBXBuildFile; fileRef = FAA93B8F580A7BC466D7D7BF /* Root.swift */; };
		6F445902152D28323CF10D05 /* GameTime.swift in Sources */ = {isa = PBXBuildFile; fileRef = C01123CBA2D4511D87B18C10 /* GameTime.swift */; };
		72022660F1C4F1140309AAD9 /* View+Pulse.swift in Sources */ = {isa = PBXBuildFile; fileRef = 853969C1232F93A27AD0C287 /* View+Pulse.swift */; };
		720234C77D6CEEE157091A69 /* Pulse.metal in Resources */ = {isa = PBXBuildFile; fileRef = 21BEB4FD45A25C9828B5EB90 /* Pulse.metal */; };
		76259B26C8D5BC2C346BEC52 /* TuistAssets+SHL.swift in Sources */ = {isa = PBXBuildFile; fileRef = 358026BD679E9BBF8203784C /* TuistAssets+SHL.swift */; };
		78E1040E983B2E843779B755 /* PlayerView.swift in Sources */ = {isa = PBXBuildFile; fileRef = 89137E2668C1856B66BA367D /* PlayerView.swift */; };
		7D4E3B09CA7C704C163B4340 /* SHLWidget.appex in Embed Foundation Extensions */ = {isa = PBXBuildFile; fileRef = 5BFB256797132DE476DC88DD /* SHLWidget.appex */; settings = {ATTRIBUTES = (RemoveHeadersOnCopy, ); }; };
		7F6464D794E82EF9773E2E88 /* WidgetDataCache.swift in Sources */ = {isa = PBXBuildFile; fileRef = 2FCF5D659DDAEAEAA9511D4D /* WidgetDataCache.swift */; };
		808649A221B2EAF1C0581E6A /* MatchSearch.swift in Sources */ = {isa = PBXBuildFile; fileRef = 84DC77BD8D91469247335F15 /* MatchSearch.swift */; };
		808B0C23D4CDA5FF506AE5C6 /* TuistAssets+SHLWidget.swift in Sources */ = {isa = PBXBuildFile; fileRef = B2DF7CBDB10C11BA59297683 /* TuistAssets+SHLWidget.swift */; };
		81A5D7B59C1DF59E9464D721 /* HomeViewModel.swift in Sources */ = {isa = PBXBuildFile; fileRef = ECE305837030821BA841B495 /* HomeViewModel.swift */; };
		82E3DF7DA76B2C4AC59D5352 /* SVGImageView.swift in Sources */ = {isa = PBXBuildFile; fileRef = 60023FBA6979D1C3E3B826C6 /* SVGImageView.swift */; };
		8939BCB4FAAEB371297EB6EB /* VersusBar.swift in Sources */ = {isa = PBXBuildFile; fileRef = 35A5D6403051E4868FC4F7AB /* VersusBar.swift */; };
		9206E877A880356093AFAE1E /* BackgroundSessionManager.swift in Sources */ = {isa = PBXBuildFile; fileRef = BDA6C0C3901AB70822BB324D /* BackgroundSessionManager.swift */; };
		956C1145464BD879C0C05432 /* Kingfisher.framework in Embed Frameworks */ = {isa = PBXBuildFile; fileRef = 09E84843AC1E5DB15E524037 /* Kingfisher.framework */; settings = {ATTRIBUTES = (CodeSignOnCopy, RemoveHeadersOnCopy, ); }; };
		975BE78C3DD30EDD573D29EB /* Kingfisher.framework in Frameworks */ = {isa = PBXBuildFile; fileRef = 09E84843AC1E5DB15E524037 /* Kingfisher.framework */; };
		9ABED3F5AC2D5F6532220D5E /* SHLWidgetTeamSchedule.swift in Sources */ = {isa = PBXBuildFile; fileRef = 8D95D0A26070992829219705 /* SHLWidgetTeamSchedule.swift */; };
		A37DF39D89D39D7C81E30086 /* TeamViewModel.swift in Sources */ = {isa = PBXBuildFile; fileRef = C7E78BBB4BFB3371B87BC389 /* TeamViewModel.swift */; };
		A587637C44BFDBF2B2BFE1F8 /* AppDelegate.swift in Sources */ = {isa = PBXBuildFile; fileRef = A52444C3280CB4BA803D0AD6 /* AppDelegate.swift */; };
		A78BFF650647D3652E2C1E03 /* Kingfisher.framework in Frameworks */ = {isa = PBXBuildFile; fileRef = 09E84843AC1E5DB15E524037 /* Kingfisher.framework */; };
		ABA57317A22210D3C7B83239 /* NotificationTestView.swift in Sources */ = {isa = PBXBuildFile; fileRef = D4CC7F8BF7022552CDEBD261 /* NotificationTestView.swift */; };
		ABBEB6181C0AB9C52F80EE67 /* MatchCalendar.swift in Sources */ = {isa = PBXBuildFile; fileRef = 7F7BD100D9B6BA6195C30BB1 /* MatchCalendar.swift */; };
		AE40ABCBE9A59202E816B1F4 /* SHLNetwork in Frameworks */ = {isa = PBXBuildFile; productRef = 20092DCB5DACCBE0162E93E0 /* SHLNetwork */; };
		AEDCE9F969F39E3FAF11BA5D /* View+Ripple.swift in Sources */ = {isa = PBXBuildFile; fileRef = FA9705F6B70E1B3BE06970FF /* View+Ripple.swift */; };
		AF339A3FE2E2B75936CEB8A4 /* MatchViewModel.swift in Sources */ = {isa = PBXBuildFile; fileRef = DF6C9D6761E268C70CF4A89F /* MatchViewModel.swift */; };
		B1C7DD2F12BBEE37D9561A0A /* LargeOverview.swift in Sources */ = {isa = PBXBuildFile; fileRef = 8C90F2A82434AF71F87F49C3 /* LargeOverview.swift */; };
		B518A2D966422E265E1C955C /* SHLWidgetStandings.swift in Sources */ = {isa = PBXBuildFile; fileRef = 890EC67B69C3AEF21B94F496 /* SHLWidgetStandings.swift */; };
		BA2F7491BB469CED632D38F3 /* SHLWidgetShared in Frameworks */ = {isa = PBXBuildFile; productRef = F7B7D50627FEEAF242BD7012 /* SHLWidgetShared */; };
		BACF59578430A6B156690768 /* WidgetAPI.swift in Sources */ = {isa = PBXBuildFile; fileRef = E8FA62BB2993F327A80BD5A1 /* WidgetAPI.swift */; };
		BE226017215659A898062963 /* NavigationCoordinator.swift in Sources */ = {isa = PBXBuildFile; fileRef = 358392368F18F47D51092C3A /* NavigationCoordinator.swift */; };
		C4E98008160924D2AEDC448B /* PostHog.framework in Frameworks */ = {isa = PBXBuildFile; fileRef = 65AC75F17D74D31773FCFE60 /* PostHog.framework */; };
		C8C1163FC08629EB0C07C41A /* SHLNetwork in Frameworks */ = {isa = PBXBuildFile; productRef = 1C7B663970A9F94CAA68B204 /* SHLNetwork */; };
		D4A9616ED89E4883CDDC7BD9 /* CacheAsyncImage.swift in Sources */ = {isa = PBXBuildFile; fileRef = 0DF590096A9A11EED6067993 /* CacheAsyncImage.swift */; };
		D786DDC14A01FEC2EC4847BB /* GoalieStatsGridView.swift in Sources */ = {isa = PBXBuildFile; fileRef = 388B01830CA014EA6BAF02A5 /* GoalieStatsGridView.swift */; };
		D947F3FE31550B6542056BB4 /* SHLWidgetBundle.swift in Sources */ = {isa = PBXBuildFile; fileRef = 7EAE6782E39A1CA4ACEA45A2 /* SHLWidgetBundle.swift */; };
		DDB7406A9DF9941B48A9EB3F /* TuistBundle+SHL.swift in Sources */ = {isa = PBXBuildFile; fileRef = 2832C5F3060F68FFCFEF23C4 /* TuistBundle+SHL.swift */; };
		E0CBAD9DCF84DCC0C3A62354 /* phlibwebp.framework in Embed Frameworks */ = {isa = PBXBuildFile; fileRef = B91D21D1500D437E286A7103 /* phlibwebp.framework */; settings = {ATTRIBUTES = (CodeSignOnCopy, RemoveHeadersOnCopy, ); }; };
		E483CD6628642BFAE991C8CF /* PLCrashReporter_CrashReporter.bundle in Dependencies */ = {isa = PBXBuildFile; fileRef = A9C23C4F7F88CA0F559E56BB /* PLCrashReporter_CrashReporter.bundle */; };
		E7189216280CFD2E0B186466 /* NotificationReminderSheet.swift in Sources */ = {isa = PBXBuildFile; fileRef = 40130DF13F93FDC10D37F10D /* NotificationReminderSheet.swift */; };
		E7764E4DB6E2BC1C617F9630 /* WidgetUserPreferences.swift in Sources */ = {isa = PBXBuildFile; fileRef = CFE223A3E16C0EB8A3CE7E98 /* WidgetUserPreferences.swift */; };
		E77F8F65A99E9CD5AD0BBC75 /* SkaterStatsGridView.swift in Sources */ = {isa = PBXBuildFile; fileRef = 75A478A1FA32030E6460D4E9 /* SkaterStatsGridView.swift */; };
		E91BA3FC474DEC4D4F3A4F35 /* MatchView.swift in Sources */ = {isa = PBXBuildFile; fileRef = 8F6D437B947FF6F8E0ED7315 /* MatchView.swift */; };
		E996D6C4B8EB21A13FA895DB /* TeamSelectionSheet.swift in Sources */ = {isa = PBXBuildFile; fileRef = 6C7F9DEF93BBE84B40F07AFC /* TeamSelectionSheet.swift */; };
		EC0172BDA4B24EC203288778 /* SHLWidgetLiveActivity.swift in Sources */ = {isa = PBXBuildFile; fileRef = 9CE2234C6F49BE1926AFEFFB /* SHLWidgetLiveActivity.swift */; };
		EC146E5C285975A03EE474DF /* Assets.xcassets in Resources */ = {isa = PBXBuildFile; fileRef = B73EB775A778E35A5E811793 /* Assets.xcassets */; };
		F0CF1E60E1BAF7FBF3F2291F /* TuistBundle+SHLWidget.swift in Sources */ = {isa = PBXBuildFile; fileRef = 386F3CB89CB3E08B9B4A895D /* TuistBundle+SHLWidget.swift */; };
		F4251EA610EF13A2B31546EF /* SearchView.swift in Sources */ = {isa = PBXBuildFile; fileRef = E34510F483FE9A3721A0067C /* SearchView.swift */; };
		F676818005DB23B44020193B /* PromptSeason.swift in Sources */ = {isa = PBXBuildFile; fileRef = C19E416A0F70243DAD376D10 /* PromptSeason.swift */; };
		FC6346903559AB338165A76C /* SVGKit.framework in Embed Frameworks */ = {isa = PBXBuildFile; fileRef = B28737A5386D3090705995A7 /* SVGKit.framework */; settings = {ATTRIBUTES = (CodeSignOnCopy, RemoveHeadersOnCopy, ); }; };
		FCA8B3A7B12032150F5F4FD7 /* HomeView.swift in Sources */ = {isa = PBXBuildFile; fileRef = B113CBAE0295C510B2D39CB2 /* HomeView.swift */; };
		FF6651C4C374754A45C9E219 /* FavoriteTeamPageView.swift in Sources */ = {isa = PBXBuildFile; fileRef = F0D08A2D66FD7BBBF21FA44A /* FavoriteTeamPageView.swift */; };
/* End PBXBuildFile section */

/* Begin PBXContainerItemProxy section */
		4E6D06D048AFDA2150EC998A /* PBXContainerItemProxy */ = {
			isa = PBXContainerItemProxy;
			containerPortal = CE6EE945568BBA38EB19C5AE /* Project object */;
			proxyType = 1;
			remoteGlobalIDString = A46D407F2FE1E382CDC2C6EB;
			remoteInfo = SHLWidget;
		};
/* End PBXContainerItemProxy section */

/* Begin PBXCopyFilesBuildPhase section */
		3572A93EDFCCA118351B7D4C /* Embed Frameworks */ = {
			isa = PBXCopyFilesBuildPhase;
			buildActionMask = 2147483647;
			dstPath = "";
			dstSubfolderSpec = 10;
			files = (
				956C1145464BD879C0C05432 /* Kingfisher.framework in Embed Frameworks */,
				49B3C6732146B3E10452C6BF /* PostHog.framework in Embed Frameworks */,
				FC6346903559AB338165A76C /* SVGKit.framework in Embed Frameworks */,
				E0CBAD9DCF84DCC0C3A62354 /* phlibwebp.framework in Embed Frameworks */,
			);
			name = "Embed Frameworks";
			runOnlyForDeploymentPostprocessing = 0;
		};
		5FF60BAA3257E8F8D996B111 /* Embed Frameworks */ = {
			isa = PBXCopyFilesBuildPhase;
			buildActionMask = 2147483647;
			dstPath = "";
			dstSubfolderSpec = 10;
			files = (
			);
			name = "Embed Frameworks";
			runOnlyForDeploymentPostprocessing = 0;
		};
		61296ECF7C36DF16E4202994 /* Embed Foundation Extensions */ = {
			isa = PBXCopyFilesBuildPhase;
			buildActionMask = 2147483647;
			dstSubfolderSpec = 13;
			files = (
				7D4E3B09CA7C704C163B4340 /* SHLWidget.appex in Embed Foundation Extensions */,
			);
			name = "Embed Foundation Extensions";
			runOnlyForDeploymentPostprocessing = 0;
		};
		B7EDC27DCF8750365848BA1E /* Dependencies */ = {
			isa = PBXCopyFilesBuildPhase;
			buildActionMask = 8;
			dstSubfolderSpec = 16;
			files = (
				0A519F3ED961A80147C1C605 /* CocoaLumberjack_CocoaLumberjack.bundle in Dependencies */,
				E483CD6628642BFAE991C8CF /* PLCrashReporter_CrashReporter.bundle in Dependencies */,
			);
			name = Dependencies;
			runOnlyForDeploymentPostprocessing = 1;
		};
/* End PBXCopyFilesBuildPhase section */

/* Begin PBXFileReference section */
		0830E029FF49023B5818DC57 /* WidgetFeaturedGame.swift */ = {isa = PBXFileReference; lastKnownFileType = sourcecode.swift; path = WidgetFeaturedGame.swift; sourceTree = "<group>"; };
		09E84843AC1E5DB15E524037 /* Kingfisher.framework */ = {isa = PBXFileReference; explicitFileType = wrapper.framework; includeInIndex = 0; path = Kingfisher.framework; sourceTree = BUILT_PRODUCTS_DIR; };
		0DF590096A9A11EED6067993 /* CacheAsyncImage.swift */ = {isa = PBXFileReference; lastKnownFileType = sourcecode.swift; path = CacheAsyncImage.swift; sourceTree = "<group>"; };
		10B6AF8B8CDFFD00B42CE0DD /* ScrollPosition.swift */ = {isa = PBXFileReference; lastKnownFileType = sourcecode.swift; path = ScrollPosition.swift; sourceTree = "<group>"; };
		15119FCBEEA2E9EBD92650C6 /* SHLWidgetExtension.entitlements */ = {isa = PBXFileReference; lastKnownFileType = text.plist.entitlements; path = SHLWidgetExtension.entitlements; sourceTree = "<group>"; };
		1BF8F22E5FB7D070AF47F091 /* TeamSelectionPageView.swift */ = {isa = PBXFileReference; lastKnownFileType = sourcecode.swift; path = TeamSelectionPageView.swift; sourceTree = "<group>"; };
		21BEB4FD45A25C9828B5EB90 /* Pulse.metal */ = {isa = PBXFileReference; lastKnownFileType = sourcecode.metal; path = Pulse.metal; sourceTree = "<group>"; };
		224322F1655A6DDB68C4107E /* OnboardingContainerView.swift */ = {isa = PBXFileReference; lastKnownFileType = sourcecode.swift; path = OnboardingContainerView.swift; sourceTree = "<group>"; };
		22DC4E64A1D92BA3E037DF21 /* WidgetSharedColorCache.swift */ = {isa = PBXFileReference; lastKnownFileType = sourcecode.swift; path = WidgetSharedColorCache.swift; sourceTree = "<group>"; };
		2832C5F3060F68FFCFEF23C4 /* TuistBundle+SHL.swift */ = {isa = PBXFileReference; lastKnownFileType = sourcecode.swift; path = "TuistBundle+SHL.swift"; sourceTree = "<group>"; };
		2B743C39388EB5BBB9CC28C5 /* Launch Screen.storyboard */ = {isa = PBXFileReference; lastKnownFileType = file.storyboard; path = "Launch Screen.storyboard"; sourceTree = "<group>"; };
		2BD604C64CCA059E95FAC276 /* SHLFeatures */ = {isa = PBXFileReference; lastKnownFileType = folder; name = SHLFeatures; path = Packages/SHLFeatures; sourceTree = "<group>"; };
		2FCF5D659DDAEAEAA9511D4D /* WidgetDataCache.swift */ = {isa = PBXFileReference; lastKnownFileType = sourcecode.swift; path = WidgetDataCache.swift; sourceTree = "<group>"; };
		30D446DA9CF7469E8CB11C4F /* TeamColorCache.swift */ = {isa = PBXFileReference; lastKnownFileType = sourcecode.swift; path = TeamColorCache.swift; sourceTree = "<group>"; };
		3194A4D516FA458DA817FD02 /* OnlineFeaturesPageView.swift */ = {isa = PBXFileReference; lastKnownFileType = sourcecode.swift; path = OnlineFeaturesPageView.swift; sourceTree = "<group>"; };
		31A5A50F9FA29E57CC317518 /* SHLNetwork */ = {isa = PBXFileReference; lastKnownFileType = folder; name = SHLNetwork; path = Packages/SHLNetwork; sourceTree = "<group>"; };
		358026BD679E9BBF8203784C /* TuistAssets+SHL.swift */ = {isa = PBXFileReference; lastKnownFileType = sourcecode.swift; path = "TuistAssets+SHL.swift"; sourceTree = "<group>"; };
		358392368F18F47D51092C3A /* NavigationCoordinator.swift */ = {isa = PBXFileReference; lastKnownFileType = sourcecode.swift; path = NavigationCoordinator.swift; sourceTree = "<group>"; };
		35A5D6403051E4868FC4F7AB /* VersusBar.swift */ = {isa = PBXFileReference; lastKnownFileType = sourcecode.swift; path = VersusBar.swift; sourceTree = "<group>"; };
		377DF23495ABA1B817F5A9B4 /* TeamView.swift */ = {isa = PBXFileReference; lastKnownFileType = sourcecode.swift; path = TeamView.swift; sourceTree = "<group>"; };
		386F3CB89CB3E08B9B4A895D /* TuistBundle+SHLWidget.swift */ = {isa = PBXFileReference; lastKnownFileType = sourcecode.swift; path = "TuistBundle+SHLWidget.swift"; sourceTree = "<group>"; };
		388B01830CA014EA6BAF02A5 /* GoalieStatsGridView.swift */ = {isa = PBXFileReference; lastKnownFileType = sourcecode.swift; path = GoalieStatsGridView.swift; sourceTree = "<group>"; };
		40130DF13F93FDC10D37F10D /* NotificationReminderSheet.swift */ = {isa = PBXFileReference; lastKnownFileType = sourcecode.swift; path = NotificationReminderSheet.swift; sourceTree = "<group>"; };
		4342916380D1E003E510AD24 /* SHLApp.swift */ = {isa = PBXFileReference; lastKnownFileType = sourcecode.swift; path = SHLApp.swift; sourceTree = "<group>"; };
		4B33DCABF1915588A7E250B9 /* SHLCore */ = {isa = PBXFileReference; lastKnownFileType = folder; name = SHLCore; path = Packages/SHLCore; sourceTree = "<group>"; };
		4BF873744F38E1F4D8A4E7A4 /* CocoaLumberjack_CocoaLumberjack.bundle */ = {isa = PBXFileReference; explicitFileType = wrapper.cfbundle; includeInIndex = 0; path = CocoaLumberjack_CocoaLumberjack.bundle; sourceTree = BUILT_PRODUCTS_DIR; };
		50CD676BE7D6923C4DAADAE7 /* CurrentSeason.swift */ = {isa = PBXFileReference; lastKnownFileType = sourcecode.swift; path = CurrentSeason.swift; sourceTree = "<group>"; };
		5BFB256797132DE476DC88DD /* SHLWidget.appex */ = {isa = PBXFileReference; explicitFileType = "wrapper.app-extension"; includeInIndex = 0; path = SHLWidget.appex; sourceTree = BUILT_PRODUCTS_DIR; };
		60023FBA6979D1C3E3B826C6 /* SVGImageView.swift */ = {isa = PBXFileReference; lastKnownFileType = sourcecode.swift; path = SVGImageView.swift; sourceTree = "<group>"; };
		65AC75F17D74D31773FCFE60 /* PostHog.framework */ = {isa = PBXFileReference; explicitFileType = wrapper.framework; includeInIndex = 0; path = PostHog.framework; sourceTree = BUILT_PRODUCTS_DIR; };
		6BCD516E53219ED237C2F62D /* MatchListView.swift */ = {isa = PBXFileReference; lastKnownFileType = sourcecode.swift; path = MatchListView.swift; sourceTree = "<group>"; };
		6C7F9DEF93BBE84B40F07AFC /* TeamSelectionSheet.swift */ = {isa = PBXFileReference; lastKnownFileType = sourcecode.swift; path = TeamSelectionSheet.swift; sourceTree = "<group>"; };
		6F5A888F314487B88CB1ECC4 /* MatchCardCompact.swift */ = {isa = PBXFileReference; lastKnownFileType = sourcecode.swift; path = MatchCardCompact.swift; sourceTree = "<group>"; };
		75A478A1FA32030E6460D4E9 /* SkaterStatsGridView.swift */ = {isa = PBXFileReference; lastKnownFileType = sourcecode.swift; path = SkaterStatsGridView.swift; sourceTree = "<group>"; };
		7E2AA762A9B11DBCA02F42E1 /* SHL.entitlements */ = {isa = PBXFileReference; lastKnownFileType = text.plist.entitlements; path = SHL.entitlements; sourceTree = "<group>"; };
		7EAE6782E39A1CA4ACEA45A2 /* SHLWidgetBundle.swift */ = {isa = PBXFileReference; lastKnownFileType = sourcecode.swift; path = SHLWidgetBundle.swift; sourceTree = "<group>"; };
		7F7BD100D9B6BA6195C30BB1 /* MatchCalendar.swift */ = {isa = PBXFileReference; lastKnownFileType = sourcecode.swift; path = MatchCalendar.swift; sourceTree = "<group>"; };
		7FC3824C3E13C13860202A36 /* TeamLogoView.swift */ = {isa = PBXFileReference; lastKnownFileType = sourcecode.swift; path = TeamLogoView.swift; sourceTree = "<group>"; };
		84DC77BD8D91469247335F15 /* MatchSearch.swift */ = {isa = PBXFileReference; lastKnownFileType = sourcecode.swift; path = MatchSearch.swift; sourceTree = "<group>"; };
		853969C1232F93A27AD0C287 /* View+Pulse.swift */ = {isa = PBXFileReference; lastKnownFileType = sourcecode.swift; path = "View+Pulse.swift"; sourceTree = "<group>"; };
		890EC67B69C3AEF21B94F496 /* SHLWidgetStandings.swift */ = {isa = PBXFileReference; lastKnownFileType = sourcecode.swift; path = SHLWidgetStandings.swift; sourceTree = "<group>"; };
		89137E2668C1856B66BA367D /* PlayerView.swift */ = {isa = PBXFileReference; lastKnownFileType = sourcecode.swift; path = PlayerView.swift; sourceTree = "<group>"; };
		8C90F2A82434AF71F87F49C3 /* LargeOverview.swift */ = {isa = PBXFileReference; lastKnownFileType = sourcecode.swift; path = LargeOverview.swift; sourceTree = "<group>"; };
		8D95D0A26070992829219705 /* SHLWidgetTeamSchedule.swift */ = {isa = PBXFileReference; lastKnownFileType = sourcecode.swift; path = SHLWidgetTeamSchedule.swift; sourceTree = "<group>"; };
		8F6D437B947FF6F8E0ED7315 /* MatchView.swift */ = {isa = PBXFileReference; lastKnownFileType = sourcecode.swift; path = MatchView.swift; sourceTree = "<group>"; };
		9108466C8E39683313004C89 /* SHL.app */ = {isa = PBXFileReference; explicitFileType = wrapper.application; includeInIndex = 0; path = SHL.app; sourceTree = BUILT_PRODUCTS_DIR; };
		91FAC8DF1086B3D9935B7966 /* WelcomePageView.swift */ = {isa = PBXFileReference; lastKnownFileType = sourcecode.swift; path = WelcomePageView.swift; sourceTree = "<group>"; };
		9CE2234C6F49BE1926AFEFFB /* SHLWidgetLiveActivity.swift */ = {isa = PBXFileReference; lastKnownFileType = sourcecode.swift; path = SHLWidgetLiveActivity.swift; sourceTree = "<group>"; };
		9D681A8DC3EE51FC0DE8C9F5 /* SHLWidget-Info.plist */ = {isa = PBXFileReference; lastKnownFileType = text.plist; path = "SHLWidget-Info.plist"; sourceTree = "<group>"; };
		A1D74DED78299EDDC2937304 /* PBPEventRowView.swift */ = {isa = PBXFileReference; lastKnownFileType = sourcecode.swift; path = PBPEventRowView.swift; sourceTree = "<group>"; };
		A52444C3280CB4BA803D0AD6 /* AppDelegate.swift */ = {isa = PBXFileReference; lastKnownFileType = sourcecode.swift; path = AppDelegate.swift; sourceTree = "<group>"; };
		A9C23C4F7F88CA0F559E56BB /* PLCrashReporter_CrashReporter.bundle */ = {isa = PBXFileReference; explicitFileType = wrapper.cfbundle; includeInIndex = 0; path = PLCrashReporter_CrashReporter.bundle; sourceTree = BUILT_PRODUCTS_DIR; };
		B113CBAE0295C510B2D39CB2 /* HomeView.swift */ = {isa = PBXFileReference; lastKnownFileType = sourcecode.swift; path = HomeView.swift; sourceTree = "<group>"; };
		B28737A5386D3090705995A7 /* SVGKit.framework */ = {isa = PBXFileReference; explicitFileType = wrapper.framework; includeInIndex = 0; path = SVGKit.framework; sourceTree = BUILT_PRODUCTS_DIR; };
		B2DF7CBDB10C11BA59297683 /* TuistAssets+SHLWidget.swift */ = {isa = PBXFileReference; lastKnownFileType = sourcecode.swift; path = "TuistAssets+SHLWidget.swift"; sourceTree = "<group>"; };
		B4B5C500DDCC6F62B505E404 /* PromptTeam.swift */ = {isa = PBXFileReference; lastKnownFileType = sourcecode.swift; path = PromptTeam.swift; sourceTree = "<group>"; };
		B6B55BAF811A12621DD4C646 /* MatchOverview.swift */ = {isa = PBXFileReference; lastKnownFileType = sourcecode.swift; path = MatchOverview.swift; sourceTree = "<group>"; };
		B73EB775A778E35A5E811793 /* Assets.xcassets */ = {isa = PBXFileReference; lastKnownFileType = folder.assetcatalog; path = Assets.xcassets; sourceTree = "<group>"; };
		B91D21D1500D437E286A7103 /* phlibwebp.framework */ = {isa = PBXFileReference; explicitFileType = wrapper.framework; includeInIndex = 0; path = phlibwebp.framework; sourceTree = BUILT_PRODUCTS_DIR; };
		BACCADE64A38D2EEC231B0CD /* PlayerViewModel.swift */ = {isa = PBXFileReference; lastKnownFileType = sourcecode.swift; path = PlayerViewModel.swift; sourceTree = "<group>"; };
		BDA6C0C3901AB70822BB324D /* BackgroundSessionManager.swift */ = {isa = PBXFileReference; lastKnownFileType = sourcecode.swift; path = BackgroundSessionManager.swift; sourceTree = "<group>"; };
		BFF788DA6CBFC0E434573C5F /* SHLWidgetShared */ = {isa = PBXFileReference; lastKnownFileType = folder; name = SHLWidgetShared; path = Packages/SHLWidgetShared; sourceTree = "<group>"; };
		C01123CBA2D4511D87B18C10 /* GameTime.swift */ = {isa = PBXFileReference; lastKnownFileType = sourcecode.swift; path = GameTime.swift; sourceTree = "<group>"; };
		C19E416A0F70243DAD376D10 /* PromptSeason.swift */ = {isa = PBXFileReference; lastKnownFileType = sourcecode.swift; path = PromptSeason.swift; sourceTree = "<group>"; };
		C1D2BF65D5FA7C51E623CC39 /* WidgetStandings.swift */ = {isa = PBXFileReference; lastKnownFileType = sourcecode.swift; path = WidgetStandings.swift; sourceTree = "<group>"; };
		C613D195083BA5B9553E09F5 /* Assets.xcassets */ = {isa = PBXFileReference; lastKnownFileType = folder.assetcatalog; path = Assets.xcassets; sourceTree = "<group>"; };
		C7E78BBB4BFB3371B87BC389 /* TeamViewModel.swift */ = {isa = PBXFileReference; lastKnownFileType = sourcecode.swift; path = TeamViewModel.swift; sourceTree = "<group>"; };
		CE09C3C37474218D1BC7EF5B /* StandingsTable.swift */ = {isa = PBXFileReference; lastKnownFileType = sourcecode.swift; path = StandingsTable.swift; sourceTree = "<group>"; };
		CFE223A3E16C0EB8A3CE7E98 /* WidgetUserPreferences.swift */ = {isa = PBXFileReference; lastKnownFileType = sourcecode.swift; path = WidgetUserPreferences.swift; sourceTree = "<group>"; };
		D1027177897DA63F4E451D78 /* AppIntent.swift */ = {isa = PBXFileReference; lastKnownFileType = sourcecode.swift; path = AppIntent.swift; sourceTree = "<group>"; };
		D3207237FDC8A388E95799DE /* SHLWidgetUpcoming.swift */ = {isa = PBXFileReference; lastKnownFileType = sourcecode.swift; path = SHLWidgetUpcoming.swift; sourceTree = "<group>"; };
		D4CC7F8BF7022552CDEBD261 /* NotificationTestView.swift */ = {isa = PBXFileReference; lastKnownFileType = sourcecode.swift; path = NotificationTestView.swift; sourceTree = "<group>"; };
		D8FE3CF04C86CE5C6201E5BC /* SHLWidgetAttributes.swift */ = {isa = PBXFileReference; lastKnownFileType = sourcecode.swift; path = SHLWidgetAttributes.swift; sourceTree = "<group>"; };
		DB535633CC478DD45B20C8EC /* WidgetGame.swift */ = {isa = PBXFileReference; lastKnownFileType = sourcecode.swift; path = WidgetGame.swift; sourceTree = "<group>"; };
		DF6C9D6761E268C70CF4A89F /* MatchViewModel.swift */ = {isa = PBXFileReference; lastKnownFileType = sourcecode.swift; path = MatchViewModel.swift; sourceTree = "<group>"; };
		E34510F483FE9A3721A0067C /* SearchView.swift */ = {isa = PBXFileReference; lastKnownFileType = sourcecode.swift; path = SearchView.swift; sourceTree = "<group>"; };
		E360D0EBBC641417B4F75C5F /* ReminderContext.swift */ = {isa = PBXFileReference; lastKnownFileType = sourcecode.swift; path = ReminderContext.swift; sourceTree = "<group>"; };
		E52042E977279C814D2ECF11 /* Preview Assets.xcassets */ = {isa = PBXFileReference; lastKnownFileType = folder.assetcatalog; path = "Preview Assets.xcassets"; sourceTree = "<group>"; };
		E66E69C9FA51414298864017 /* ImageProcessor.swift */ = {isa = PBXFileReference; lastKnownFileType = sourcecode.swift; path = ImageProcessor.swift; sourceTree = "<group>"; };
		E79E0D4F5CD27524A8AE9074 /* SettingsView.swift */ = {isa = PBXFileReference; lastKnownFileType = sourcecode.swift; path = SettingsView.swift; sourceTree = "<group>"; };
		E8FA62BB2993F327A80BD5A1 /* WidgetAPI.swift */ = {isa = PBXFileReference; lastKnownFileType = sourcecode.swift; path = WidgetAPI.swift; sourceTree = "<group>"; };
		ECE305837030821BA841B495 /* HomeViewModel.swift */ = {isa = PBXFileReference; lastKnownFileType = sourcecode.swift; path = HomeViewModel.swift; sourceTree = "<group>"; };
		EEE2225E80FFB3399382BB39 /* MatchListViewModel.swift */ = {isa = PBXFileReference; lastKnownFileType = sourcecode.swift; path = MatchListViewModel.swift; sourceTree = "<group>"; };
		F0D08A2D66FD7BBBF21FA44A /* FavoriteTeamPageView.swift */ = {isa = PBXFileReference; lastKnownFileType = sourcecode.swift; path = FavoriteTeamPageView.swift; sourceTree = "<group>"; };
		F740F681FD6E36FCB019B4A8 /* Info.plist */ = {isa = PBXFileReference; lastKnownFileType = text.plist; path = Info.plist; sourceTree = "<group>"; };
		FA9705F6B70E1B3BE06970FF /* View+Ripple.swift */ = {isa = PBXFileReference; lastKnownFileType = sourcecode.swift; path = "View+Ripple.swift"; sourceTree = "<group>"; };
		FAA93B8F580A7BC466D7D7BF /* Root.swift */ = {isa = PBXFileReference; lastKnownFileType = sourcecode.swift; path = Root.swift; sourceTree = "<group>"; };
/* End PBXFileReference section */

/* Begin PBXFrameworksBuildPhase section */
		0834C0BE27E9D940A27991C4 /* Frameworks */ = {
			isa = PBXFrameworksBuildPhase;
			buildActionMask = 2147483647;
			files = (
				975BE78C3DD30EDD573D29EB /* Kingfisher.framework in Frameworks */,
				AE40ABCBE9A59202E816B1F4 /* SHLNetwork in Frameworks */,
			);
			runOnlyForDeploymentPostprocessing = 0;
		};
		92DB6B74A8E8ECC849FCACB1 /* Frameworks */ = {
			isa = PBXFrameworksBuildPhase;
			buildActionMask = 2147483647;
			files = (
				A78BFF650647D3652E2C1E03 /* Kingfisher.framework in Frameworks */,
				C4E98008160924D2AEDC448B /* PostHog.framework in Frameworks */,
				451A6D1C3D2F8297D9C769DC /* SVGKit.framework in Frameworks */,
				C8C1163FC08629EB0C07C41A /* SHLNetwork in Frameworks */,
				5DD2B7F54F98087476EEC776 /* SHLCore in Frameworks */,
				BA2F7491BB469CED632D38F3 /* SHLWidgetShared in Frameworks */,
			);
			runOnlyForDeploymentPostprocessing = 0;
		};
/* End PBXFrameworksBuildPhase section */

/* Begin PBXGroup section */
		0CAC2244A7E6CA2EC56533D1 /* Context */ = {
			isa = PBXGroup;
			children = (
				E360D0EBBC641417B4F75C5F /* ReminderContext.swift */,
			);
			path = Context;
			sourceTree = "<group>";
		};
		29C1CEEBB9D16D4A70902F48 /* API */ = {
			isa = PBXGroup;
			children = (
				BDA6C0C3901AB70822BB324D /* BackgroundSessionManager.swift */,
				E8FA62BB2993F327A80BD5A1 /* WidgetAPI.swift */,
				2FCF5D659DDAEAEAA9511D4D /* WidgetDataCache.swift */,
			);
			path = API;
			sourceTree = "<group>";
		};
		2A0F448BD8DC3735C556D8A8 /* Models */ = {
			isa = PBXGroup;
			children = (
				DB535633CC478DD45B20C8EC /* WidgetGame.swift */,
				C1D2BF65D5FA7C51E623CC39 /* WidgetStandings.swift */,
			);
			path = Models;
			sourceTree = "<group>";
		};
		3D9F78F41B7CCF4FCED3172A /* Products */ = {
			isa = PBXGroup;
			children = (
				4BF873744F38E1F4D8A4E7A4 /* CocoaLumberjack_CocoaLumberjack.bundle */,
				09E84843AC1E5DB15E524037 /* Kingfisher.framework */,
				B91D21D1500D437E286A7103 /* phlibwebp.framework */,
				A9C23C4F7F88CA0F559E56BB /* PLCrashReporter_CrashReporter.bundle */,
				65AC75F17D74D31773FCFE60 /* PostHog.framework */,
				9108466C8E39683313004C89 /* SHL.app */,
				5BFB256797132DE476DC88DD /* SHLWidget.appex */,
				B28737A5386D3090705995A7 /* SVGKit.framework */,
			);
			name = Products;
			sourceTree = "<group>";
		};
		3DB74E075975F54C185B5667 /* GameDisplays */ = {
			isa = PBXGroup;
			children = (
				8C90F2A82434AF71F87F49C3 /* LargeOverview.swift */,
				6F5A888F314487B88CB1ECC4 /* MatchCardCompact.swift */,
				B6B55BAF811A12621DD4C646 /* MatchOverview.swift */,
			);
			path = GameDisplays;
			sourceTree = "<group>";
		};
		58CC18750579451FC3FC5C20 /* SHL */ = {
			isa = PBXGroup;
			children = (
				E9D54CD619D2447721FF8B3F /* Components */,
				CFD9FAA55DFBAE373BE08DCC /* Extensions */,
				B6785F2F1F89CDB2468B5D2A /* Intelligence */,
				5DB07DFD556EF9425E2DCD35 /* Managers */,
				ECEB44CB9416117F937D4B24 /* Preview Content */,
				9BB550F11E17BF98C7B6FDC2 /* ViewModels */,
				9D83EFE95C67C0A9EDBF2F4E /* Views */,
				A52444C3280CB4BA803D0AD6 /* AppDelegate.swift */,
				C613D195083BA5B9553E09F5 /* Assets.xcassets */,
				F740F681FD6E36FCB019B4A8 /* Info.plist */,
				2B743C39388EB5BBB9CC28C5 /* Launch Screen.storyboard */,
				FAA93B8F580A7BC466D7D7BF /* Root.swift */,
				7E2AA762A9B11DBCA02F42E1 /* SHL.entitlements */,
				4342916380D1E003E510AD24 /* SHLApp.swift */,
			);
			path = SHL;
			sourceTree = "<group>";
		};
		5DB07DFD556EF9425E2DCD35 /* Managers */ = {
			isa = PBXGroup;
			children = (
				358392368F18F47D51092C3A /* NavigationCoordinator.swift */,
			);
			path = Managers;
			sourceTree = "<group>";
		};
		603389B224B2BA7B036EF68E /* Onboarding */ = {
			isa = PBXGroup;
			children = (
				F0D08A2D66FD7BBBF21FA44A /* FavoriteTeamPageView.swift */,
				224322F1655A6DDB68C4107E /* OnboardingContainerView.swift */,
				3194A4D516FA458DA817FD02 /* OnlineFeaturesPageView.swift */,
				1BF8F22E5FB7D070AF47F091 /* TeamSelectionPageView.swift */,
				91FAC8DF1086B3D9935B7966 /* WelcomePageView.swift */,
			);
			path = Onboarding;
			sourceTree = "<group>";
		};
		685E78955E124D5CF6F576EC /* Packages */ = {
			isa = PBXGroup;
			children = (
				4B33DCABF1915588A7E250B9 /* SHLCore */,
				2BD604C64CCA059E95FAC276 /* SHLFeatures */,
				31A5A50F9FA29E57CC317518 /* SHLNetwork */,
				BFF788DA6CBFC0E434573C5F /* SHLWidgetShared */,
			);
			name = Packages;
			sourceTree = "<group>";
		};
		87671A5B7F9DAB227D8DC573 /* Tools */ = {
			isa = PBXGroup;
			children = (
				50CD676BE7D6923C4DAADAE7 /* CurrentSeason.swift */,
				84DC77BD8D91469247335F15 /* MatchSearch.swift */,
			);
			path = Tools;
			sourceTree = "<group>";
		};
		9BB550F11E17BF98C7B6FDC2 /* ViewModels */ = {
			isa = PBXGroup;
			children = (
				ECE305837030821BA841B495 /* HomeViewModel.swift */,
				EEE2225E80FFB3399382BB39 /* MatchListViewModel.swift */,
				DF6C9D6761E268C70CF4A89F /* MatchViewModel.swift */,
				BACCADE64A38D2EEC231B0CD /* PlayerViewModel.swift */,
				C7E78BBB4BFB3371B87BC389 /* TeamViewModel.swift */,
			);
			path = ViewModels;
			sourceTree = "<group>";
		};
		9D83EFE95C67C0A9EDBF2F4E /* Views */ = {
			isa = PBXGroup;
			children = (
				FD5625E3111C2B3762D17FBC /* Debug */,
				603389B224B2BA7B036EF68E /* Onboarding */,
				B113CBAE0295C510B2D39CB2 /* HomeView.swift */,
				6BCD516E53219ED237C2F62D /* MatchListView.swift */,
				8F6D437B947FF6F8E0ED7315 /* MatchView.swift */,
				89137E2668C1856B66BA367D /* PlayerView.swift */,
				E34510F483FE9A3721A0067C /* SearchView.swift */,
				E79E0D4F5CD27524A8AE9074 /* SettingsView.swift */,
				6C7F9DEF93BBE84B40F07AFC /* TeamSelectionSheet.swift */,
				377DF23495ABA1B817F5A9B4 /* TeamView.swift */,
			);
			path = Views;
			sourceTree = "<group>";
		};
		AF60F88B80C6BD27094CEAC1 /* Sources */ = {
			isa = PBXGroup;
			children = (
				358026BD679E9BBF8203784C /* TuistAssets+SHL.swift */,
				B2DF7CBDB10C11BA59297683 /* TuistAssets+SHLWidget.swift */,
				2832C5F3060F68FFCFEF23C4 /* TuistBundle+SHL.swift */,
				386F3CB89CB3E08B9B4A895D /* TuistBundle+SHLWidget.swift */,
			);
			path = Sources;
			sourceTree = "<group>";
		};
		AF6DBF0F711408C3FD843EC5 /* Types */ = {
			isa = PBXGroup;
			children = (
				D8FE3CF04C86CE5C6201E5BC /* SHLWidgetAttributes.swift */,
			);
			path = Types;
			sourceTree = "<group>";
		};
		B508FD90025C2FA757F3178E /* Project */ = {
			isa = PBXGroup;
			children = (
				BA6FAF8A32C79650F83EBB32 /* Derived */,
				58CC18750579451FC3FC5C20 /* SHL */,
				D2569C97D388ED141C988E61 /* SHLWidget */,
				15119FCBEEA2E9EBD92650C6 /* SHLWidgetExtension.entitlements */,
			);
			name = Project;
			sourceTree = "<group>";
		};
		B6785F2F1F89CDB2468B5D2A /* Intelligence */ = {
			isa = PBXGroup;
			children = (
				87671A5B7F9DAB227D8DC573 /* Tools */,
				C19E416A0F70243DAD376D10 /* PromptSeason.swift */,
				B4B5C500DDCC6F62B505E404 /* PromptTeam.swift */,
			);
			path = Intelligence;
			sourceTree = "<group>";
		};
		BA6FAF8A32C79650F83EBB32 /* Derived */ = {
			isa = PBXGroup;
			children = (
				D8527A2B8FC7B6D1C9EAAF7A /* InfoPlists */,
				AF60F88B80C6BD27094CEAC1 /* Sources */,
			);
			path = Derived;
			sourceTree = "<group>";
		};
		BAB2C0C713F31E535897D590 = {
			isa = PBXGroup;
			children = (
				3D9F78F41B7CCF4FCED3172A /* Products */,
				B508FD90025C2FA757F3178E /* Project */,
				685E78955E124D5CF6F576EC /* Packages */,
			);
			sourceTree = "<group>";
		};
		CD4CC8C2524AE65B973B2A20 /* Pulse Shader */ = {
			isa = PBXGroup;
			children = (
				21BEB4FD45A25C9828B5EB90 /* Pulse.metal */,
				853969C1232F93A27AD0C287 /* View+Pulse.swift */,
				FA9705F6B70E1B3BE06970FF /* View+Ripple.swift */,
			);
			path = "Pulse Shader";
			sourceTree = "<group>";
		};
		CFD9FAA55DFBAE373BE08DCC /* Extensions */ = {
			isa = PBXGroup;
			children = (
				0DF590096A9A11EED6067993 /* CacheAsyncImage.swift */,
				E66E69C9FA51414298864017 /* ImageProcessor.swift */,
				10B6AF8B8CDFFD00B42CE0DD /* ScrollPosition.swift */,
			);
			path = Extensions;
			sourceTree = "<group>";
		};
		D2569C97D388ED141C988E61 /* SHLWidget */ = {
			isa = PBXGroup;
			children = (
				29C1CEEBB9D16D4A70902F48 /* API */,
				F902872977411C5C3FC9FD5B /* Helpers */,
				2A0F448BD8DC3735C556D8A8 /* Models */,
				AF6DBF0F711408C3FD843EC5 /* Types */,
				D1027177897DA63F4E451D78 /* AppIntent.swift */,
				B73EB775A778E35A5E811793 /* Assets.xcassets */,
				7EAE6782E39A1CA4ACEA45A2 /* SHLWidgetBundle.swift */,
				9CE2234C6F49BE1926AFEFFB /* SHLWidgetLiveActivity.swift */,
				890EC67B69C3AEF21B94F496 /* SHLWidgetStandings.swift */,
				8D95D0A26070992829219705 /* SHLWidgetTeamSchedule.swift */,
				D3207237FDC8A388E95799DE /* SHLWidgetUpcoming.swift */,
			);
			path = SHLWidget;
			sourceTree = "<group>";
		};
		D8527A2B8FC7B6D1C9EAAF7A /* InfoPlists */ = {
			isa = PBXGroup;
			children = (
				9D681A8DC3EE51FC0DE8C9F5 /* SHLWidget-Info.plist */,
			);
			path = InfoPlists;
			sourceTree = "<group>";
		};
		E9D54CD619D2447721FF8B3F /* Components */ = {
			isa = PBXGroup;
			children = (
				0CAC2244A7E6CA2EC56533D1 /* Context */,
				3DB74E075975F54C185B5667 /* GameDisplays */,
				CD4CC8C2524AE65B973B2A20 /* Pulse Shader */,
				C01123CBA2D4511D87B18C10 /* GameTime.swift */,
				388B01830CA014EA6BAF02A5 /* GoalieStatsGridView.swift */,
				7F7BD100D9B6BA6195C30BB1 /* MatchCalendar.swift */,
				40130DF13F93FDC10D37F10D /* NotificationReminderSheet.swift */,
				A1D74DED78299EDDC2937304 /* PBPEventRowView.swift */,
				75A478A1FA32030E6460D4E9 /* SkaterStatsGridView.swift */,
				CE09C3C37474218D1BC7EF5B /* StandingsTable.swift */,
				60023FBA6979D1C3E3B826C6 /* SVGImageView.swift */,
				7FC3824C3E13C13860202A36 /* TeamLogoView.swift */,
				35A5D6403051E4868FC4F7AB /* VersusBar.swift */,
			);
			path = Components;
			sourceTree = "<group>";
		};
		ECEB44CB9416117F937D4B24 /* Preview Content */ = {
			isa = PBXGroup;
			children = (
				E52042E977279C814D2ECF11 /* Preview Assets.xcassets */,
			);
			path = "Preview Content";
			sourceTree = "<group>";
		};
		F902872977411C5C3FC9FD5B /* Helpers */ = {
			isa = PBXGroup;
			children = (
				30D446DA9CF7469E8CB11C4F /* TeamColorCache.swift */,
				0830E029FF49023B5818DC57 /* WidgetFeaturedGame.swift */,
				22DC4E64A1D92BA3E037DF21 /* WidgetSharedColorCache.swift */,
				CFE223A3E16C0EB8A3CE7E98 /* WidgetUserPreferences.swift */,
			);
			path = Helpers;
			sourceTree = "<group>";
		};
		FD5625E3111C2B3762D17FBC /* Debug */ = {
			isa = PBXGroup;
			children = (
				D4CC7F8BF7022552CDEBD261 /* NotificationTestView.swift */,
			);
			path = Debug;
			sourceTree = "<group>";
		};
/* End PBXGroup section */

/* Begin PBXNativeTarget section */
		889FEE50FA0DDAC77EAA50B3 /* SHL */ = {
			isa = PBXNativeTarget;
			buildConfigurationList = C445CC4CC2817440BBBDE8F7 /* Build configuration list for PBXNativeTarget "SHL" */;
			buildPhases = (
				27DEA1033747DBABB28C3741 /* Sources */,
				E32FEAD5097BA1F572E6F1D6 /* Resources */,
				61296ECF7C36DF16E4202994 /* Embed Foundation Extensions */,
				92DB6B74A8E8ECC849FCACB1 /* Frameworks */,
				3572A93EDFCCA118351B7D4C /* Embed Frameworks */,
				B7EDC27DCF8750365848BA1E /* Dependencies */,
			);
			buildRules = (
			);
			dependencies = (
				E8AD8ECF03590DC39EAC1214 /* PBXTargetDependency */,
			);
			name = SHL;
			packageProductDependencies = (
				1C7B663970A9F94CAA68B204 /* SHLNetwork */,
				50BC2E97784DA29CA21F7A93 /* SHLCore */,
				F7B7D50627FEEAF242BD7012 /* SHLWidgetShared */,
			);
			productName = SHL;
			productReference = 9108466C8E39683313004C89 /* SHL.app */;
			productType = "com.apple.product-type.application";
		};
		A46D407F2FE1E382CDC2C6EB /* SHLWidget */ = {
			isa = PBXNativeTarget;
			buildConfigurationList = F48A6D37B70CFA13706AEE8E /* Build configuration list for PBXNativeTarget "SHLWidget" */;
			buildPhases = (
				25F1CF7EDDA8CF582E66EB24 /* Sources */,
				2BD856A2E93AEB6686E89E94 /* Resources */,
				0834C0BE27E9D940A27991C4 /* Frameworks */,
				5FF60BAA3257E8F8D996B111 /* Embed Frameworks */,
			);
			buildRules = (
			);
			dependencies = (
			);
			name = SHLWidget;
			packageProductDependencies = (
				20092DCB5DACCBE0162E93E0 /* SHLNetwork */,
			);
			productName = SHLWidget;
			productReference = 5BFB256797132DE476DC88DD /* SHLWidget.appex */;
			productType = "com.apple.product-type.app-extension";
		};
/* End PBXNativeTarget section */

/* Begin PBXProject section */
		CE6EE945568BBA38EB19C5AE /* Project object */ = {
			isa = PBXProject;
			attributes = {
				BuildIndependentTargetsInParallel = YES;
				TargetAttributes = {
				};
			};
			buildConfigurationList = 530B4E9ABB8BCC86C5C79A64 /* Build configuration list for PBXProject "SHL" */;
			compatibilityVersion = "Xcode 14.0";
			developmentRegion = en;
			hasScannedForEncodings = 0;
			knownRegions = (
				Base,
				en,
			);
			mainGroup = BAB2C0C713F31E535897D590;
			packageReferences = (
				6B9C7655343D78AC6847A57E /* XCLocalSwiftPackageReference "Packages/SHLCore" */,
				E68FB860F171EA0EEC1CCC2A /* XCLocalSwiftPackageReference "Packages/SHLFeatures" */,
				7A324B2997BA1C1EB93EF492 /* XCLocalSwiftPackageReference "Packages/SHLNetwork" */,
				7CCA72E5CD3F12B66BBA2405 /* XCLocalSwiftPackageReference "Packages/SHLWidgetShared" */,
			);
			productRefGroup = 3D9F78F41B7CCF4FCED3172A /* Products */;
			projectDirPath = "";
			projectRoot = "";
			targets = (
				889FEE50FA0DDAC77EAA50B3 /* SHL */,
				A46D407F2FE1E382CDC2C6EB /* SHLWidget */,
			);
		};
/* End PBXProject section */

/* Begin PBXResourcesBuildPhase section */
		2BD856A2E93AEB6686E89E94 /* Resources */ = {
			isa = PBXResourcesBuildPhase;
			buildActionMask = 2147483647;
			files = (
				EC146E5C285975A03EE474DF /* Assets.xcassets in Resources */,
			);
			runOnlyForDeploymentPostprocessing = 0;
		};
		E32FEAD5097BA1F572E6F1D6 /* Resources */ = {
			isa = PBXResourcesBuildPhase;
			buildActionMask = 2147483647;
			files = (
				0DA6EBF58039544EBD476E7A /* Assets.xcassets in Resources */,
				720234C77D6CEEE157091A69 /* Pulse.metal in Resources */,
				377224E4673466C631D470AF /* Launch Screen.storyboard in Resources */,
				424630412720D7416F215AF2 /* Preview Assets.xcassets in Resources */,
				1213A8B3D00B387C1A59F9A8 /* CocoaLumberjack_CocoaLumberjack.bundle in Resources */,
				575A68E6AC5E77D690C69C61 /* PLCrashReporter_CrashReporter.bundle in Resources */,
			);
			runOnlyForDeploymentPostprocessing = 0;
		};
/* End PBXResourcesBuildPhase section */

/* Begin PBXSourcesBuildPhase section */
		25F1CF7EDDA8CF582E66EB24 /* Sources */ = {
			isa = PBXSourcesBuildPhase;
			buildActionMask = 2147483647;
			files = (
				808B0C23D4CDA5FF506AE5C6 /* TuistAssets+SHLWidget.swift in Sources */,
				F0CF1E60E1BAF7FBF3F2291F /* TuistBundle+SHLWidget.swift in Sources */,
				9206E877A880356093AFAE1E /* BackgroundSessionManager.swift in Sources */,
				BACF59578430A6B156690768 /* WidgetAPI.swift in Sources */,
				7F6464D794E82EF9773E2E88 /* WidgetDataCache.swift in Sources */,
				641DD03F8A8895C7AE140634 /* AppIntent.swift in Sources */,
				3F423422A55BCC9F9FEE96F0 /* TeamColorCache.swift in Sources */,
				4C5B9D567A67C298F697EEBF /* WidgetFeaturedGame.swift in Sources */,
				5B281BBD13589E5BF468A03A /* WidgetSharedColorCache.swift in Sources */,
				E7764E4DB6E2BC1C617F9630 /* WidgetUserPreferences.swift in Sources */,
				45319365E04FDC63F60EA402 /* WidgetGame.swift in Sources */,
				294518654CFF0D91AAF4F7F1 /* WidgetStandings.swift in Sources */,
				D947F3FE31550B6542056BB4 /* SHLWidgetBundle.swift in Sources */,
				EC0172BDA4B24EC203288778 /* SHLWidgetLiveActivity.swift in Sources */,
				B518A2D966422E265E1C955C /* SHLWidgetStandings.swift in Sources */,
				9ABED3F5AC2D5F6532220D5E /* SHLWidgetTeamSchedule.swift in Sources */,
				39013AEDF8836225DA95C11B /* SHLWidgetUpcoming.swift in Sources */,
				4087E7C7CA3B52811ADE532B /* SHLWidgetAttributes.swift in Sources */,
			);
			runOnlyForDeploymentPostprocessing = 0;
		};
		27DEA1033747DBABB28C3741 /* Sources */ = {
			isa = PBXSourcesBuildPhase;
			buildActionMask = 2147483647;
			files = (
				76259B26C8D5BC2C346BEC52 /* TuistAssets+SHL.swift in Sources */,
				DDB7406A9DF9941B48A9EB3F /* TuistBundle+SHL.swift in Sources */,
				A587637C44BFDBF2B2BFE1F8 /* AppDelegate.swift in Sources */,
				5169ED8D8F8DA9329152A539 /* ReminderContext.swift in Sources */,
				B1C7DD2F12BBEE37D9561A0A /* LargeOverview.swift in Sources */,
				1807C049FC7BE25BBEE61DDF /* MatchCardCompact.swift in Sources */,
				558C4090362AC3F241F71C36 /* MatchOverview.swift in Sources */,
				6F445902152D28323CF10D05 /* GameTime.swift in Sources */,
				D786DDC14A01FEC2EC4847BB /* GoalieStatsGridView.swift in Sources */,
				ABBEB6181C0AB9C52F80EE67 /* MatchCalendar.swift in Sources */,
				E7189216280CFD2E0B186466 /* NotificationReminderSheet.swift in Sources */,
				1B86EDCD102BF6CCA96D29F3 /* PBPEventRowView.swift in Sources */,
				72022660F1C4F1140309AAD9 /* View+Pulse.swift in Sources */,
				AEDCE9F969F39E3FAF11BA5D /* View+Ripple.swift in Sources */,
				82E3DF7DA76B2C4AC59D5352 /* SVGImageView.swift in Sources */,
				E77F8F65A99E9CD5AD0BBC75 /* SkaterStatsGridView.swift in Sources */,
				5C547922189DCD5D546E46DB /* StandingsTable.swift in Sources */,
				4F1F11087877990DB5905E09 /* TeamLogoView.swift in Sources */,
				8939BCB4FAAEB371297EB6EB /* VersusBar.swift in Sources */,
				D4A9616ED89E4883CDDC7BD9 /* CacheAsyncImage.swift in Sources */,
				1EA27229635174B0E9535030 /* ImageProcessor.swift in Sources */,
				69E3A44002341DE40D1D0BBF /* ScrollPosition.swift in Sources */,
				F676818005DB23B44020193B /* PromptSeason.swift in Sources */,
				11BE88D73EFC32D979C6ABFC /* PromptTeam.swift in Sources */,
				173CF92E37BC2C124B4894DE /* CurrentSeason.swift in Sources */,
				808649A221B2EAF1C0581E6A /* MatchSearch.swift in Sources */,
				BE226017215659A898062963 /* NavigationCoordinator.swift in Sources */,
				6C0E4718DF0C7E591930EE06 /* Root.swift in Sources */,
				30935F5EBF6BDEE36CF92FC8 /* SHLApp.swift in Sources */,
				81A5D7B59C1DF59E9464D721 /* HomeViewModel.swift in Sources */,
				557F7A9F935291E6954B0440 /* MatchListViewModel.swift in Sources */,
				AF339A3FE2E2B75936CEB8A4 /* MatchViewModel.swift in Sources */,
				03BC07F890E16E9F1C4C49FA /* PlayerViewModel.swift in Sources */,
				A37DF39D89D39D7C81E30086 /* TeamViewModel.swift in Sources */,
				ABA57317A22210D3C7B83239 /* NotificationTestView.swift in Sources */,
				FCA8B3A7B12032150F5F4FD7 /* HomeView.swift in Sources */,
				44C90297F273A713D82BCCA6 /* MatchListView.swift in Sources */,
				E91BA3FC474DEC4D4F3A4F35 /* MatchView.swift in Sources */,
				FF6651C4C374754A45C9E219 /* FavoriteTeamPageView.swift in Sources */,
				0D01403609F112B205BEC879 /* OnboardingContainerView.swift in Sources */,
				2ED76F30F7E88087CE9312DD /* OnlineFeaturesPageView.swift in Sources */,
				505D0F679382AAD654A4C1B6 /* TeamSelectionPageView.swift in Sources */,
				2E486CF9FD4F397B47FB0570 /* WelcomePageView.swift in Sources */,
				78E1040E983B2E843779B755 /* PlayerView.swift in Sources */,
				F4251EA610EF13A2B31546EF /* SearchView.swift in Sources */,
				5C314215B543BFBD98A29461 /* SettingsView.swift in Sources */,
				E996D6C4B8EB21A13FA895DB /* TeamSelectionSheet.swift in Sources */,
				2EC506E25BB9973DE99FBA07 /* TeamView.swift in Sources */,
			);
			runOnlyForDeploymentPostprocessing = 0;
		};
/* End PBXSourcesBuildPhase section */

/* Begin PBXTargetDependency section */
		E8AD8ECF03590DC39EAC1214 /* PBXTargetDependency */ = {
			isa = PBXTargetDependency;
			name = SHLWidget;
			target = A46D407F2FE1E382CDC2C6EB /* SHLWidget */;
			targetProxy = 4E6D06D048AFDA2150EC998A /* PBXContainerItemProxy */;
		};
/* End PBXTargetDependency section */

/* Begin XCBuildConfiguration section */
		00A4A2B8BADE76C844958E3F /* Debug */ = {
			isa = XCBuildConfiguration;
			buildSettings = {
				ASSETCATALOG_COMPILER_APPICON_NAME = AppIcon;
				ASSETCATALOG_COMPILER_GLOBAL_ACCENT_COLOR_NAME = AccentColor;
				CODE_SIGN_ENTITLEMENTS = SHL/SHL.entitlements;
				CODE_SIGN_IDENTITY = "iPhone Developer";
				CURRENT_PROJECT_VERSION = 1;
				ENABLE_PREVIEWS = YES;
				HEADER_SEARCH_PATHS = (
					"$(inherited)",
					"$(SRCROOT)/Tuist/.build/checkouts/CocoaLumberjack/Sources/CocoaLumberjack/include",
					"$(SRCROOT)/Tuist/.build/checkouts/SVGKit/Source/include",
					"$(SRCROOT)/Tuist/.build/checkouts/plcrashreporter/Dependencies/protobuf-c",
					"$(SRCROOT)/Tuist/.build/checkouts/plcrashreporter/include",
					"$(SRCROOT)/Tuist/.build/checkouts/posthog-ios/vendor/libwebp",
				);
				INFOPLIST_FILE = SHL/Info.plist;
				IPHONEOS_DEPLOYMENT_TARGET = 18.6;
				LD_RUNPATH_SEARCH_PATHS = (
					"$(inherited)",
					"@executable_path/Frameworks",
				);
				MARKETING_VERSION = 1.4.2;
				OTHER_CFLAGS = (
					"$(inherited)",
					"-fmodule-map-file=$(SRCROOT)/Tuist/.build/tuist-derived/CocoaLumberjack/CocoaLumberjack.modulemap",
					"-fmodule-map-file=$(SRCROOT)/Tuist/.build/tuist-derived/CrashReporter/CrashReporter.modulemap",
					"-fmodule-map-file=$(SRCROOT)/Tuist/.build/tuist-derived/SVGKit/SVGKit.modulemap",
					"-fmodule-map-file=$(SRCROOT)/Tuist/.build/tuist-derived/phlibwebp/phlibwebp.modulemap",
				);
				OTHER_LDFLAGS = (
					"$(inherited)",
					"-L$(DT_TOOLCHAIN_DIR)/usr/lib/swift/$(PLATFORM_NAME)",
				);
				OTHER_SWIFT_FLAGS = (
					"$(inherited)",
					"-Xcc",
					"-fmodule-map-file=$(SRCROOT)/Tuist/.build/tuist-derived/CocoaLumberjack/CocoaLumberjack.modulemap",
					"-Xcc",
					"-fmodule-map-file=$(SRCROOT)/Tuist/.build/tuist-derived/CrashReporter/CrashReporter.modulemap",
					"-Xcc",
					"-fmodule-map-file=$(SRCROOT)/Tuist/.build/tuist-derived/SVGKit/SVGKit.modulemap",
					"-Xcc",
					"-fmodule-map-file=$(SRCROOT)/Tuist/.build/tuist-derived/phlibwebp/phlibwebp.modulemap",
				);
				PRODUCT_BUNDLE_IDENTIFIER = com.kibbewater.shl;
				PRODUCT_NAME = SHL;
				SDKROOT = iphoneos;
				SUPPORTS_MACCATALYST = NO;
				SUPPORTS_MAC_DESIGNED_FOR_IPHONE_IPAD = NO;
				SUPPORTS_XR_DESIGNED_FOR_IPHONE_IPAD = NO;
				SWIFT_ACTIVE_COMPILATION_CONDITIONS = (
					"$(inherited)",
					DEBUG,
				);
				SWIFT_COMPILATION_MODE = singlefile;
				SWIFT_OPTIMIZATION_LEVEL = "-Onone";
				TARGETED_DEVICE_FAMILY = "1,2";
			};
			name = Debug;
		};
		4D89AB236A7C86919859289D /* Release */ = {
			isa = XCBuildConfiguration;
			buildSettings = {
				APPLICATION_EXTENSION_API_ONLY = YES;
				CODE_SIGN_ENTITLEMENTS = SHLWidgetExtension.entitlements;
				CODE_SIGN_IDENTITY = "iPhone Developer";
				CURRENT_PROJECT_VERSION = 1;
				INFOPLIST_FILE = "Derived/InfoPlists/SHLWidget-Info.plist";
				IPHONEOS_DEPLOYMENT_TARGET = 17.2;
				LD_RUNPATH_SEARCH_PATHS = (
					"$(inherited)",
					"@executable_path/Frameworks",
					"@executable_path/../../Frameworks",
				);
				MARKETING_VERSION = 1.4.2;
				OTHER_LDFLAGS = (
					"$(inherited)",
					"-L$(DT_TOOLCHAIN_DIR)/usr/lib/swift/$(PLATFORM_NAME)",
				);
				PRODUCT_BUNDLE_IDENTIFIER = com.kibbewater.shl.SHLWidget;
				PRODUCT_NAME = SHLWidget;
				SDKROOT = iphoneos;
				SUPPORTS_MACCATALYST = NO;
				SUPPORTS_MAC_DESIGNED_FOR_IPHONE_IPAD = NO;
				SUPPORTS_XR_DESIGNED_FOR_IPHONE_IPAD = NO;
				SWIFT_COMPILATION_MODE = wholemodule;
				SWIFT_OPTIMIZATION_LEVEL = "-O";
				TARGETED_DEVICE_FAMILY = "1,2";
			};
			name = Release;
		};
		99FB2B80687B28C82E4223BB /* Debug */ = {
			isa = XCBuildConfiguration;
			buildSettings = {
				ALWAYS_SEARCH_USER_PATHS = NO;
				CLANG_ANALYZER_LOCALIZABILITY_NONLOCALIZED = YES;
				CLANG_ANALYZER_NONNULL = YES;
				CLANG_ANALYZER_NUMBER_OBJECT_CONVERSION = YES_AGGRESSIVE;
				CLANG_CXX_LANGUAGE_STANDARD = "gnu++14";
				CLANG_CXX_LIBRARY = "libc++";
				CLANG_ENABLE_MODULES = YES;
				CLANG_ENABLE_OBJC_ARC = YES;
				CLANG_ENABLE_OBJC_WEAK = YES;
				CLANG_WARN_BLOCK_CAPTURE_AUTORELEASING = YES;
				CLANG_WARN_BOOL_CONVERSION = YES;
				CLANG_WARN_COMMA = YES;
				CLANG_WARN_CONSTANT_CONVERSION = YES;
				CLANG_WARN_DEPRECATED_OBJC_IMPLEMENTATIONS = YES;
				CLANG_WARN_DIRECT_OBJC_ISA_USAGE = YES_ERROR;
				CLANG_WARN_DOCUMENTATION_COMMENTS = YES;
				CLANG_WARN_EMPTY_BODY = YES;
				CLANG_WARN_ENUM_CONVERSION = YES;
				CLANG_WARN_INFINITE_RECURSION = YES;
				CLANG_WARN_INT_CONVERSION = YES;
				CLANG_WARN_NON_LITERAL_NULL_CONVERSION = YES;
				CLANG_WARN_OBJC_IMPLICIT_RETAIN_SELF = YES;
				CLANG_WARN_OBJC_LITERAL_CONVERSION = YES;
				CLANG_WARN_OBJC_ROOT_CLASS = YES_ERROR;
				CLANG_WARN_QUOTED_INCLUDE_IN_FRAMEWORK_HEADER = YES;
				CLANG_WARN_RANGE_LOOP_ANALYSIS = YES;
				CLANG_WARN_STRICT_PROTOTYPES = YES;
				CLANG_WARN_SUSPICIOUS_MOVE = YES;
				CLANG_WARN_UNGUARDED_AVAILABILITY = YES_AGGRESSIVE;
				CLANG_WARN_UNREACHABLE_CODE = YES;
				CLANG_WARN__DUPLICATE_METHOD_MATCH = YES;
				COPY_PHASE_STRIP = NO;
				DEAD_CODE_STRIPPING = YES;
				DEBUG_INFORMATION_FORMAT = dwarf;
				DEVELOPMENT_TEAM = 89625ZHN6X;
				ENABLE_STRICT_OBJC_MSGSEND = YES;
				ENABLE_TESTABILITY = YES;
				GCC_C_LANGUAGE_STANDARD = gnu11;
				GCC_DYNAMIC_NO_PIC = NO;
				GCC_NO_COMMON_BLOCKS = YES;
				GCC_OPTIMIZATION_LEVEL = 0;
				GCC_PREPROCESSOR_DEFINITIONS = (
					"DEBUG=1",
					"$(inherited)",
				);
				GCC_WARN_64_TO_32_BIT_CONVERSION = YES;
				GCC_WARN_ABOUT_RETURN_TYPE = YES_ERROR;
				GCC_WARN_UNDECLARED_SELECTOR = YES;
				GCC_WARN_UNINITIALIZED_AUTOS = YES_AGGRESSIVE;
				GCC_WARN_UNUSED_FUNCTION = YES;
				GCC_WARN_UNUSED_VARIABLE = YES;
				IPHONEOS_DEPLOYMENT_TARGET = 17.2;
				MTL_ENABLE_DEBUG_INFO = YES;
				ONLY_ACTIVE_ARCH = YES;
				PRODUCT_NAME = "$(TARGET_NAME)";
				SWIFT_VERSION = 5.0;
			};
			name = Debug;
		};
		A6C92192AEC3C6499B265C8F /* Release */ = {
			isa = XCBuildConfiguration;
			buildSettings = {
				ASSETCATALOG_COMPILER_APPICON_NAME = AppIcon;
				ASSETCATALOG_COMPILER_GLOBAL_ACCENT_COLOR_NAME = AccentColor;
				CODE_SIGN_ENTITLEMENTS = SHL/SHL.entitlements;
				CODE_SIGN_IDENTITY = "iPhone Developer";
				CURRENT_PROJECT_VERSION = 1;
				ENABLE_PREVIEWS = YES;
				HEADER_SEARCH_PATHS = (
					"$(inherited)",
					"$(SRCROOT)/Tuist/.build/checkouts/CocoaLumberjack/Sources/CocoaLumberjack/include",
					"$(SRCROOT)/Tuist/.build/checkouts/SVGKit/Source/include",
					"$(SRCROOT)/Tuist/.build/checkouts/plcrashreporter/Dependencies/protobuf-c",
					"$(SRCROOT)/Tuist/.build/checkouts/plcrashreporter/include",
					"$(SRCROOT)/Tuist/.build/checkouts/posthog-ios/vendor/libwebp",
				);
				INFOPLIST_FILE = SHL/Info.plist;
				IPHONEOS_DEPLOYMENT_TARGET = 18.6;
				LD_RUNPATH_SEARCH_PATHS = (
					"$(inherited)",
					"@executable_path/Frameworks",
				);
				MARKETING_VERSION = 1.4.2;
				OTHER_CFLAGS = (
					"$(inherited)",
					"-fmodule-map-file=$(SRCROOT)/Tuist/.build/tuist-derived/CocoaLumberjack/CocoaLumberjack.modulemap",
					"-fmodule-map-file=$(SRCROOT)/Tuist/.build/tuist-derived/CrashReporter/CrashReporter.modulemap",
					"-fmodule-map-file=$(SRCROOT)/Tuist/.build/tuist-derived/SVGKit/SVGKit.modulemap",
					"-fmodule-map-file=$(SRCROOT)/Tuist/.build/tuist-derived/phlibwebp/phlibwebp.modulemap",
				);
				OTHER_LDFLAGS = (
					"$(inherited)",
					"-L$(DT_TOOLCHAIN_DIR)/usr/lib/swift/$(PLATFORM_NAME)",
				);
				OTHER_SWIFT_FLAGS = (
					"$(inherited)",
					"-Xcc",
					"-fmodule-map-file=$(SRCROOT)/Tuist/.build/tuist-derived/CocoaLumberjack/CocoaLumberjack.modulemap",
					"-Xcc",
					"-fmodule-map-file=$(SRCROOT)/Tuist/.build/tuist-derived/CrashReporter/CrashReporter.modulemap",
					"-Xcc",
					"-fmodule-map-file=$(SRCROOT)/Tuist/.build/tuist-derived/SVGKit/SVGKit.modulemap",
					"-Xcc",
					"-fmodule-map-file=$(SRCROOT)/Tuist/.build/tuist-derived/phlibwebp/phlibwebp.modulemap",
				);
				PRODUCT_BUNDLE_IDENTIFIER = com.kibbewater.shl;
				PRODUCT_NAME = SHL;
				SDKROOT = iphoneos;
				SUPPORTS_MACCATALYST = NO;
				SUPPORTS_MAC_DESIGNED_FOR_IPHONE_IPAD = NO;
				SUPPORTS_XR_DESIGNED_FOR_IPHONE_IPAD = NO;
				SWIFT_COMPILATION_MODE = wholemodule;
				SWIFT_OPTIMIZATION_LEVEL = "-O";
				TARGETED_DEVICE_FAMILY = "1,2";
			};
			name = Release;
		};
		B00A8CC27E25E8BD53A91E1E /* Release */ = {
			isa = XCBuildConfiguration;
			buildSettings = {
				ALWAYS_SEARCH_USER_PATHS = NO;
				CLANG_ANALYZER_LOCALIZABILITY_NONLOCALIZED = YES;
				CLANG_ANALYZER_NONNULL = YES;
				CLANG_ANALYZER_NUMBER_OBJECT_CONVERSION = YES_AGGRESSIVE;
				CLANG_CXX_LANGUAGE_STANDARD = "gnu++14";
				CLANG_CXX_LIBRARY = "libc++";
				CLANG_ENABLE_MODULES = YES;
				CLANG_ENABLE_OBJC_ARC = YES;
				CLANG_ENABLE_OBJC_WEAK = YES;
				CLANG_WARN_BLOCK_CAPTURE_AUTORELEASING = YES;
				CLANG_WARN_BOOL_CONVERSION = YES;
				CLANG_WARN_COMMA = YES;
				CLANG_WARN_CONSTANT_CONVERSION = YES;
				CLANG_WARN_DEPRECATED_OBJC_IMPLEMENTATIONS = YES;
				CLANG_WARN_DIRECT_OBJC_ISA_USAGE = YES_ERROR;
				CLANG_WARN_DOCUMENTATION_COMMENTS = YES;
				CLANG_WARN_EMPTY_BODY = YES;
				CLANG_WARN_ENUM_CONVERSION = YES;
				CLANG_WARN_INFINITE_RECURSION = YES;
				CLANG_WARN_INT_CONVERSION = YES;
				CLANG_WARN_NON_LITERAL_NULL_CONVERSION = YES;
				CLANG_WARN_OBJC_IMPLICIT_RETAIN_SELF = YES;
				CLANG_WARN_OBJC_LITERAL_CONVERSION = YES;
				CLANG_WARN_OBJC_ROOT_CLASS = YES_ERROR;
				CLANG_WARN_QUOTED_INCLUDE_IN_FRAMEWORK_HEADER = YES;
				CLANG_WARN_RANGE_LOOP_ANALYSIS = YES;
				CLANG_WARN_STRICT_PROTOTYPES = YES;
				CLANG_WARN_SUSPICIOUS_MOVE = YES;
				CLANG_WARN_UNGUARDED_AVAILABILITY = YES_AGGRESSIVE;
				CLANG_WARN_UNREACHABLE_CODE = YES;
				CLANG_WARN__DUPLICATE_METHOD_MATCH = YES;
				COPY_PHASE_STRIP = NO;
				DEAD_CODE_STRIPPING = YES;
				DEBUG_INFORMATION_FORMAT = "dwarf-with-dsym";
				DEVELOPMENT_TEAM = 89625ZHN6X;
				ENABLE_NS_ASSERTIONS = NO;
				ENABLE_STRICT_OBJC_MSGSEND = YES;
				GCC_C_LANGUAGE_STANDARD = gnu11;
				GCC_NO_COMMON_BLOCKS = YES;
				GCC_WARN_64_TO_32_BIT_CONVERSION = YES;
				GCC_WARN_ABOUT_RETURN_TYPE = YES_ERROR;
				GCC_WARN_UNDECLARED_SELECTOR = YES;
				GCC_WARN_UNINITIALIZED_AUTOS = YES_AGGRESSIVE;
				GCC_WARN_UNUSED_FUNCTION = YES;
				GCC_WARN_UNUSED_VARIABLE = YES;
				IPHONEOS_DEPLOYMENT_TARGET = 17.2;
				MTL_ENABLE_DEBUG_INFO = NO;
				PRODUCT_NAME = "$(TARGET_NAME)";
				SWIFT_VERSION = 5.0;
				VALIDATE_PRODUCT = YES;
			};
			name = Release;
		};
		C2C884D3C56E445535ECC7DA /* Debug */ = {
			isa = XCBuildConfiguration;
			buildSettings = {
				APPLICATION_EXTENSION_API_ONLY = YES;
				CODE_SIGN_ENTITLEMENTS = SHLWidgetExtension.entitlements;
				CODE_SIGN_IDENTITY = "iPhone Developer";
				CURRENT_PROJECT_VERSION = 1;
				INFOPLIST_FILE = "Derived/InfoPlists/SHLWidget-Info.plist";
				IPHONEOS_DEPLOYMENT_TARGET = 17.2;
				LD_RUNPATH_SEARCH_PATHS = (
					"$(inherited)",
					"@executable_path/Frameworks",
					"@executable_path/../../Frameworks",
				);
				MARKETING_VERSION = 1.4.2;
				OTHER_LDFLAGS = (
					"$(inherited)",
					"-L$(DT_TOOLCHAIN_DIR)/usr/lib/swift/$(PLATFORM_NAME)",
				);
				PRODUCT_BUNDLE_IDENTIFIER = com.kibbewater.shl.SHLWidget;
				PRODUCT_NAME = SHLWidget;
				SDKROOT = iphoneos;
				SUPPORTS_MACCATALYST = NO;
				SUPPORTS_MAC_DESIGNED_FOR_IPHONE_IPAD = NO;
				SUPPORTS_XR_DESIGNED_FOR_IPHONE_IPAD = NO;
				SWIFT_ACTIVE_COMPILATION_CONDITIONS = (
					"$(inherited)",
					DEBUG,
				);
				SWIFT_COMPILATION_MODE = singlefile;
				SWIFT_OPTIMIZATION_LEVEL = "-Onone";
				TARGETED_DEVICE_FAMILY = "1,2";
			};
			name = Debug;
		};
/* End XCBuildConfiguration section */

/* Begin XCConfigurationList section */
		530B4E9ABB8BCC86C5C79A64 /* Build configuration list for PBXProject "SHL" */ = {
			isa = XCConfigurationList;
			buildConfigurations = (
				99FB2B80687B28C82E4223BB /* Debug */,
				B00A8CC27E25E8BD53A91E1E /* Release */,
			);
			defaultConfigurationIsVisible = 0;
			defaultConfigurationName = Release;
		};
		C445CC4CC2817440BBBDE8F7 /* Build configuration list for PBXNativeTarget "SHL" */ = {
			isa = XCConfigurationList;
			buildConfigurations = (
				00A4A2B8BADE76C844958E3F /* Debug */,
				A6C92192AEC3C6499B265C8F /* Release */,
			);
			defaultConfigurationIsVisible = 0;
			defaultConfigurationName = Release;
		};
		F48A6D37B70CFA13706AEE8E /* Build configuration list for PBXNativeTarget "SHLWidget" */ = {
			isa = XCConfigurationList;
			buildConfigurations = (
				C2C884D3C56E445535ECC7DA /* Debug */,
				4D89AB236A7C86919859289D /* Release */,
			);
			defaultConfigurationIsVisible = 0;
			defaultConfigurationName = Release;
		};
/* End XCConfigurationList section */

/* Begin XCLocalSwiftPackageReference section */
		6B9C7655343D78AC6847A57E /* XCLocalSwiftPackageReference "Packages/SHLCore" */ = {
			isa = XCLocalSwiftPackageReference;
			relativePath = Packages/SHLCore;
		};
		7A324B2997BA1C1EB93EF492 /* XCLocalSwiftPackageReference "Packages/SHLNetwork" */ = {
			isa = XCLocalSwiftPackageReference;
			relativePath = Packages/SHLNetwork;
		};
		7CCA72E5CD3F12B66BBA2405 /* XCLocalSwiftPackageReference "Packages/SHLWidgetShared" */ = {
			isa = XCLocalSwiftPackageReference;
			relativePath = Packages/SHLWidgetShared;
		};
		E68FB860F171EA0EEC1CCC2A /* XCLocalSwiftPackageReference "Packages/SHLFeatures" */ = {
			isa = XCLocalSwiftPackageReference;
			relativePath = Packages/SHLFeatures;
		};
/* End XCLocalSwiftPackageReference section */

/* Begin XCSwiftPackageProductDependency section */
		1C7B663970A9F94CAA68B204 /* SHLNetwork */ = {
			isa = XCSwiftPackageProductDependency;
			productName = SHLNetwork;
		};
		20092DCB5DACCBE0162E93E0 /* SHLNetwork */ = {
			isa = XCSwiftPackageProductDependency;
			productName = SHLNetwork;
		};
		50BC2E97784DA29CA21F7A93 /* SHLCore */ = {
			isa = XCSwiftPackageProductDependency;
			productName = SHLCore;
		};
		F7B7D50627FEEAF242BD7012 /* SHLWidgetShared */ = {
			isa = XCSwiftPackageProductDependency;
			productName = SHLWidgetShared;
		};
/* End XCSwiftPackageProductDependency section */
	};
	rootObject = CE6EE945568BBA38EB19C5AE /* Project object */;
}
