// !$*UTF8*$!
{
	archiveVersion = 1;
	classes = {
	};
	objectVersion = 56;
	objects = {

/* Begin PBXBuildFile section */
		801BC55A2BCFEF2C00417693 /* StandingsTable.swift in Sources */ = {isa = PBXBuildFile; fileRef = BCFA44AA2B44C06700B4358C /* StandingsTable.swift */; };
		BC044CEA2BB43F9A0058B12B /* HockeyKit in Frameworks */ = {isa = PBXBuildFile; productRef = BC044CE92BB43F9A0058B12B /* HockeyKit */; };
		BC369E1C2BBAF5CC00940F42 /* VersusBar.swift in Sources */ = {isa = PBXBuildFile; fileRef = BC369E1B2BBAF5CC00940F42 /* VersusBar.swift */; };
		BC374DFA2BAD922000378412 /* UIImageExt.swift in Sources */ = {isa = PBXBuildFile; fileRef = BC374DF92BAD922000378412 /* UIImageExt.swift */; };
		BC425E452B4706CC00D82CFB /* WidgetKit.framework in Frameworks */ = {isa = PBXBuildFile; fileRef = BC425E442B4706CC00D82CFB /* WidgetKit.framework */; };
		BC425E472B4706CC00D82CFB /* SwiftUI.framework in Frameworks */ = {isa = PBXBuildFile; fileRef = BC425E462B4706CC00D82CFB /* SwiftUI.framework */; };
		BC425E4A2B4706CC00D82CFB /* SHLWidgetBundle.swift in Sources */ = {isa = PBXBuildFile; fileRef = BC425E492B4706CC00D82CFB /* SHLWidgetBundle.swift */; };
		BC425E4C2B4706CC00D82CFB /* SHLWidgetLiveActivity.swift in Sources */ = {isa = PBXBuildFile; fileRef = BC425E4B2B4706CC00D82CFB /* SHLWidgetLiveActivity.swift */; };
		BC425E502B4706CC00D82CFB /* AppIntent.swift in Sources */ = {isa = PBXBuildFile; fileRef = BC425E4F2B4706CC00D82CFB /* AppIntent.swift */; };
		BC425E522B4706CD00D82CFB /* Assets.xcassets in Resources */ = {isa = PBXBuildFile; fileRef = BC425E512B4706CD00D82CFB /* Assets.xcassets */; };
		BC425E562B4706CD00D82CFB /* SHLWidgetExtension.appex in Embed Foundation Extensions */ = {isa = PBXBuildFile; fileRef = BC425E432B4706CC00D82CFB /* SHLWidgetExtension.appex */; settings = {ATTRIBUTES = (RemoveHeadersOnCopy, ); }; };
		BC457B1B2BB9BB9100227D75 /* PBPView.swift in Sources */ = {isa = PBXBuildFile; fileRef = BC457B1A2BB9BB9100227D75 /* PBPView.swift */; };
		BC6212E52BB05B81003CCB45 /* MatchView.swift in Sources */ = {isa = PBXBuildFile; fileRef = BC6212E42BB05B81003CCB45 /* MatchView.swift */; };
		BC7645B62B46054A0000B7AB /* DebugView.swift in Sources */ = {isa = PBXBuildFile; fileRef = BC7645B52B46054A0000B7AB /* DebugView.swift */; };
		BC81B6512B40ACE5007B2E90 /* HockeyKit in Frameworks */ = {isa = PBXBuildFile; productRef = BC81B6502B40ACE5007B2E90 /* HockeyKit */; };
		BC8848062BB15F4E00844DBB /* LHF_DemoApp.swift in Sources */ = {isa = PBXBuildFile; fileRef = BC8848052BB15F4E00844DBB /* LHF_DemoApp.swift */; };
		BC8848082BB15F4E00844DBB /* ContentView.swift in Sources */ = {isa = PBXBuildFile; fileRef = BC8848072BB15F4E00844DBB /* ContentView.swift */; };
		BC88480A2BB15F4F00844DBB /* Assets.xcassets in Resources */ = {isa = PBXBuildFile; fileRef = BC8848092BB15F4F00844DBB /* Assets.xcassets */; };
		BC88480D2BB15F4F00844DBB /* Preview Assets.xcassets in Resources */ = {isa = PBXBuildFile; fileRef = BC88480C2BB15F4F00844DBB /* Preview Assets.xcassets */; };
		BC8848122BB15F4F00844DBB /* SHL Demo.app in Embed App Clips */ = {isa = PBXBuildFile; fileRef = BC8848032BB15F4E00844DBB /* SHL Demo.app */; settings = {ATTRIBUTES = (RemoveHeadersOnCopy, ); }; };
		BC8848182BB1637F00844DBB /* HockeyKit in Frameworks */ = {isa = PBXBuildFile; productRef = BC8848172BB1637F00844DBB /* HockeyKit */; };
		BC88481B2BB1642E00844DBB /* MatchOverview.swift in Sources */ = {isa = PBXBuildFile; fileRef = BC88481A2BB1642E00844DBB /* MatchOverview.swift */; };
		BC88481E2BB1660700844DBB /* UIImageColors.swift in Sources */ = {isa = PBXBuildFile; fileRef = BC88481D2BB1660700844DBB /* UIImageColors.swift */; };
		BC8C15112BAC787B0010AB59 /* MatchOverview.swift in Sources */ = {isa = PBXBuildFile; fileRef = BC8C15102BAC787B0010AB59 /* MatchOverview.swift */; };
		BC9490732BB19F63009047E4 /* PromotionBanner.swift in Sources */ = {isa = PBXBuildFile; fileRef = BC9490722BB19F63009047E4 /* PromotionBanner.swift */; };
		BCAFE2CE2B4095170044225A /* SHLApp.swift in Sources */ = {isa = PBXBuildFile; fileRef = BCAFE2CD2B4095170044225A /* SHLApp.swift */; };
		BCAFE2D02B4095170044225A /* ContentView.swift in Sources */ = {isa = PBXBuildFile; fileRef = BCAFE2CF2B4095170044225A /* ContentView.swift */; };
		BCAFE2D22B4095180044225A /* Assets.xcassets in Resources */ = {isa = PBXBuildFile; fileRef = BCAFE2D12B4095180044225A /* Assets.xcassets */; };
		BCAFE2D52B4095180044225A /* Preview Assets.xcassets in Resources */ = {isa = PBXBuildFile; fileRef = BCAFE2D42B4095180044225A /* Preview Assets.xcassets */; };
		BCD7BC152BAF69D500E208B3 /* Root.swift in Sources */ = {isa = PBXBuildFile; fileRef = BCD7BC142BAF69D500E208B3 /* Root.swift */; };
		BCD7BC182BAF6B9800E208B3 /* MatchListView.swift in Sources */ = {isa = PBXBuildFile; fileRef = BCD7BC172BAF6B9800E208B3 /* MatchListView.swift */; };
		BCFA44AB2B44C06700B4358C /* StandingsTable.swift in Sources */ = {isa = PBXBuildFile; fileRef = BCFA44AA2B44C06700B4358C /* StandingsTable.swift */; };
/* End PBXBuildFile section */

/* Begin PBXContainerItemProxy section */
		BC425E542B4706CD00D82CFB /* PBXContainerItemProxy */ = {
			isa = PBXContainerItemProxy;
			containerPortal = BCAFE2C22B4095170044225A /* Project object */;
			proxyType = 1;
			remoteGlobalIDString = BC425E422B4706CC00D82CFB;
			remoteInfo = LHFWidgetExtension;
		};
		BC8848102BB15F4F00844DBB /* PBXContainerItemProxy */ = {
			isa = PBXContainerItemProxy;
			containerPortal = BCAFE2C22B4095170044225A /* Project object */;
			proxyType = 1;
			remoteGlobalIDString = BC8848022BB15F4E00844DBB;
			remoteInfo = "LHF Demo";
		};
/* End PBXContainerItemProxy section */

/* Begin PBXCopyFilesBuildPhase section */
		BC425E5A2B4706CD00D82CFB /* Embed Foundation Extensions */ = {
			isa = PBXCopyFilesBuildPhase;
			buildActionMask = 2147483647;
			dstPath = "";
			dstSubfolderSpec = 13;
			files = (
				BC425E562B4706CD00D82CFB /* SHLWidgetExtension.appex in Embed Foundation Extensions */,
			);
			name = "Embed Foundation Extensions";
			runOnlyForDeploymentPostprocessing = 0;
		};
		BC8848132BB15F4F00844DBB /* Embed App Clips */ = {
			isa = PBXCopyFilesBuildPhase;
			buildActionMask = 2147483647;
			dstPath = "$(CONTENTS_FOLDER_PATH)/AppClips";
			dstSubfolderSpec = 16;
			files = (
				BC8848122BB15F4F00844DBB /* SHL Demo.app in Embed App Clips */,
			);
			name = "Embed App Clips";
			runOnlyForDeploymentPostprocessing = 0;
		};
/* End PBXCopyFilesBuildPhase section */

/* Begin PBXFileReference section */
		800644862BC9B46700A7560C /* Package.swift */ = {isa = PBXFileReference; lastKnownFileType = sourcecode.swift; name = Package.swift; path = ../HockeyKit/Package.swift; sourceTree = "<group>"; };
		BC369E1B2BBAF5CC00940F42 /* VersusBar.swift */ = {isa = PBXFileReference; lastKnownFileType = sourcecode.swift; path = VersusBar.swift; sourceTree = "<group>"; };
		BC374DF92BAD922000378412 /* UIImageExt.swift */ = {isa = PBXFileReference; lastKnownFileType = sourcecode.swift; path = UIImageExt.swift; sourceTree = "<group>"; };
		BC425E3E2B4702F900D82CFB /* Info.plist */ = {isa = PBXFileReference; lastKnownFileType = text.plist; path = Info.plist; sourceTree = "<group>"; };
		BC425E432B4706CC00D82CFB /* SHLWidgetExtension.appex */ = {isa = PBXFileReference; explicitFileType = "wrapper.app-extension"; includeInIndex = 0; path = SHLWidgetExtension.appex; sourceTree = BUILT_PRODUCTS_DIR; };
		BC425E442B4706CC00D82CFB /* WidgetKit.framework */ = {isa = PBXFileReference; lastKnownFileType = wrapper.framework; name = WidgetKit.framework; path = System/Library/Frameworks/WidgetKit.framework; sourceTree = SDKROOT; };
		BC425E462B4706CC00D82CFB /* SwiftUI.framework */ = {isa = PBXFileReference; lastKnownFileType = wrapper.framework; name = SwiftUI.framework; path = System/Library/Frameworks/SwiftUI.framework; sourceTree = SDKROOT; };
		BC425E492B4706CC00D82CFB /* SHLWidgetBundle.swift */ = {isa = PBXFileReference; lastKnownFileType = sourcecode.swift; path = SHLWidgetBundle.swift; sourceTree = "<group>"; };
		BC425E4B2B4706CC00D82CFB /* SHLWidgetLiveActivity.swift */ = {isa = PBXFileReference; lastKnownFileType = sourcecode.swift; path = SHLWidgetLiveActivity.swift; sourceTree = "<group>"; };
		BC425E4F2B4706CC00D82CFB /* AppIntent.swift */ = {isa = PBXFileReference; lastKnownFileType = sourcecode.swift; path = AppIntent.swift; sourceTree = "<group>"; };
		BC425E512B4706CD00D82CFB /* Assets.xcassets */ = {isa = PBXFileReference; lastKnownFileType = folder.assetcatalog; path = Assets.xcassets; sourceTree = "<group>"; };
		BC425E532B4706CD00D82CFB /* Info.plist */ = {isa = PBXFileReference; lastKnownFileType = text.plist.xml; path = Info.plist; sourceTree = "<group>"; };
		BC457B1A2BB9BB9100227D75 /* PBPView.swift */ = {isa = PBXFileReference; lastKnownFileType = sourcecode.swift; path = PBPView.swift; sourceTree = "<group>"; };
		BC5B96602B40962700D4E621 /* HockeyKit */ = {isa = PBXFileReference; lastKnownFileType = wrapper; name = HockeyKit; path = ../HockeyKit; sourceTree = "<group>"; };
		BC6212E42BB05B81003CCB45 /* MatchView.swift */ = {isa = PBXFileReference; lastKnownFileType = sourcecode.swift; path = MatchView.swift; sourceTree = "<group>"; };
		BC7645B52B46054A0000B7AB /* DebugView.swift */ = {isa = PBXFileReference; lastKnownFileType = sourcecode.swift; path = DebugView.swift; sourceTree = "<group>"; };
		BC8848032BB15F4E00844DBB /* SHL Demo.app */ = {isa = PBXFileReference; explicitFileType = wrapper.application; includeInIndex = 0; path = "SHL Demo.app"; sourceTree = BUILT_PRODUCTS_DIR; };
		BC8848052BB15F4E00844DBB /* LHF_DemoApp.swift */ = {isa = PBXFileReference; lastKnownFileType = sourcecode.swift; path = LHF_DemoApp.swift; sourceTree = "<group>"; };
		BC8848072BB15F4E00844DBB /* ContentView.swift */ = {isa = PBXFileReference; lastKnownFileType = sourcecode.swift; path = ContentView.swift; sourceTree = "<group>"; };
		BC8848092BB15F4F00844DBB /* Assets.xcassets */ = {isa = PBXFileReference; lastKnownFileType = folder.assetcatalog; path = Assets.xcassets; sourceTree = "<group>"; };
		BC88480C2BB15F4F00844DBB /* Preview Assets.xcassets */ = {isa = PBXFileReference; lastKnownFileType = folder.assetcatalog; path = "Preview Assets.xcassets"; sourceTree = "<group>"; };
		BC88480E2BB15F4F00844DBB /* Info.plist */ = {isa = PBXFileReference; lastKnownFileType = text.plist.xml; path = Info.plist; sourceTree = "<group>"; };
		BC88480F2BB15F4F00844DBB /* SHL_Demo.entitlements */ = {isa = PBXFileReference; lastKnownFileType = text.plist.entitlements; path = SHL_Demo.entitlements; sourceTree = "<group>"; };
		BC88481A2BB1642E00844DBB /* MatchOverview.swift */ = {isa = PBXFileReference; lastKnownFileType = sourcecode.swift; path = MatchOverview.swift; sourceTree = "<group>"; };
		BC88481D2BB1660700844DBB /* UIImageColors.swift */ = {isa = PBXFileReference; lastKnownFileType = sourcecode.swift; path = UIImageColors.swift; sourceTree = "<group>"; };
		BC8848252BB1714800844DBB /* SHL.entitlements */ = {isa = PBXFileReference; lastKnownFileType = text.plist.entitlements; path = SHL.entitlements; sourceTree = "<group>"; };
		BC8C15102BAC787B0010AB59 /* MatchOverview.swift */ = {isa = PBXFileReference; lastKnownFileType = sourcecode.swift; path = MatchOverview.swift; sourceTree = "<group>"; };
		BC9490722BB19F63009047E4 /* PromotionBanner.swift */ = {isa = PBXFileReference; lastKnownFileType = sourcecode.swift; path = PromotionBanner.swift; sourceTree = "<group>"; };
		BC9490742BB1AAF6009047E4 /* SHLWidgetExtension.entitlements */ = {isa = PBXFileReference; lastKnownFileType = text.plist.entitlements; path = SHLWidgetExtension.entitlements; sourceTree = "<group>"; };
		BCAFE2CA2B4095170044225A /* SHL.app */ = {isa = PBXFileReference; explicitFileType = wrapper.application; includeInIndex = 0; path = SHL.app; sourceTree = BUILT_PRODUCTS_DIR; };
		BCAFE2CD2B4095170044225A /* SHLApp.swift */ = {isa = PBXFileReference; lastKnownFileType = sourcecode.swift; path = SHLApp.swift; sourceTree = "<group>"; };
		BCAFE2CF2B4095170044225A /* ContentView.swift */ = {isa = PBXFileReference; lastKnownFileType = sourcecode.swift; path = ContentView.swift; sourceTree = "<group>"; };
		BCAFE2D12B4095180044225A /* Assets.xcassets */ = {isa = PBXFileReference; lastKnownFileType = folder.assetcatalog; path = Assets.xcassets; sourceTree = "<group>"; };
		BCAFE2D42B4095180044225A /* Preview Assets.xcassets */ = {isa = PBXFileReference; lastKnownFileType = folder.assetcatalog; path = "Preview Assets.xcassets"; sourceTree = "<group>"; };
		BCD7BC142BAF69D500E208B3 /* Root.swift */ = {isa = PBXFileReference; lastKnownFileType = sourcecode.swift; path = Root.swift; sourceTree = "<group>"; };
		BCD7BC172BAF6B9800E208B3 /* MatchListView.swift */ = {isa = PBXFileReference; lastKnownFileType = sourcecode.swift; path = MatchListView.swift; sourceTree = "<group>"; };
		BCFA44AA2B44C06700B4358C /* StandingsTable.swift */ = {isa = PBXFileReference; lastKnownFileType = sourcecode.swift; path = StandingsTable.swift; sourceTree = "<group>"; };
/* End PBXFileReference section */

/* Begin PBXFrameworksBuildPhase section */
		BC425E402B4706CC00D82CFB /* Frameworks */ = {
			isa = PBXFrameworksBuildPhase;
			buildActionMask = 2147483647;
			files = (
				BC425E472B4706CC00D82CFB /* SwiftUI.framework in Frameworks */,
				BC425E452B4706CC00D82CFB /* WidgetKit.framework in Frameworks */,
				BC044CEA2BB43F9A0058B12B /* HockeyKit in Frameworks */,
			);
			runOnlyForDeploymentPostprocessing = 0;
		};
		BC8848002BB15F4E00844DBB /* Frameworks */ = {
			isa = PBXFrameworksBuildPhase;
			buildActionMask = 2147483647;
			files = (
				BC8848182BB1637F00844DBB /* HockeyKit in Frameworks */,
			);
			runOnlyForDeploymentPostprocessing = 0;
		};
		BCAFE2C72B4095170044225A /* Frameworks */ = {
			isa = PBXFrameworksBuildPhase;
			buildActionMask = 2147483647;
			files = (
				BC81B6512B40ACE5007B2E90 /* HockeyKit in Frameworks */,
			);
			runOnlyForDeploymentPostprocessing = 0;
		};
/* End PBXFrameworksBuildPhase section */

/* Begin PBXGroup section */
		6BD7AA263289D7097A35F2B2 /* Frameworks */ = {
			isa = PBXGroup;
			children = (
				800644862BC9B46700A7560C /* Package.swift */,
				BC425E442B4706CC00D82CFB /* WidgetKit.framework */,
				BC425E462B4706CC00D82CFB /* SwiftUI.framework */,
			);
			name = Frameworks;
			sourceTree = "<group>";
		};
		BC374DF82BAD920F00378412 /* Extensions */ = {
			isa = PBXGroup;
			children = (
				BC374DF92BAD922000378412 /* UIImageExt.swift */,
			);
			path = Extensions;
			sourceTree = "<group>";
		};
		BC425E482B4706CC00D82CFB /* SHLWidget */ = {
			isa = PBXGroup;
			children = (
				BC425E492B4706CC00D82CFB /* SHLWidgetBundle.swift */,
				BC425E4B2B4706CC00D82CFB /* SHLWidgetLiveActivity.swift */,
				BC425E4F2B4706CC00D82CFB /* AppIntent.swift */,
				BC425E512B4706CD00D82CFB /* Assets.xcassets */,
				BC425E532B4706CD00D82CFB /* Info.plist */,
			);
			path = SHLWidget;
			sourceTree = "<group>";
		};
		BC8848042BB15F4E00844DBB /* SHL Demo */ = {
			isa = PBXGroup;
			children = (
				BC88481C2BB165F500844DBB /* Extensions */,
				BC8848192BB163FD00844DBB /* Components */,
				BC8848052BB15F4E00844DBB /* LHF_DemoApp.swift */,
				BC8848072BB15F4E00844DBB /* ContentView.swift */,
				BC8848092BB15F4F00844DBB /* Assets.xcassets */,
				BC88480E2BB15F4F00844DBB /* Info.plist */,
				BC88480F2BB15F4F00844DBB /* SHL_Demo.entitlements */,
				BC88480B2BB15F4F00844DBB /* Preview Content */,
			);
			path = "SHL Demo";
			sourceTree = "<group>";
		};
		BC88480B2BB15F4F00844DBB /* Preview Content */ = {
			isa = PBXGroup;
			children = (
				BC88480C2BB15F4F00844DBB /* Preview Assets.xcassets */,
			);
			path = "Preview Content";
			sourceTree = "<group>";
		};
		BC8848192BB163FD00844DBB /* Components */ = {
			isa = PBXGroup;
			children = (
				BC88481A2BB1642E00844DBB /* MatchOverview.swift */,
				BC9490722BB19F63009047E4 /* PromotionBanner.swift */,
			);
			path = Components;
			sourceTree = "<group>";
		};
		BC88481C2BB165F500844DBB /* Extensions */ = {
			isa = PBXGroup;
			children = (
				BC88481D2BB1660700844DBB /* UIImageColors.swift */,
			);
			path = Extensions;
			sourceTree = "<group>";
		};
		BC8C150F2BAC780F0010AB59 /* GameDisplays */ = {
			isa = PBXGroup;
			children = (
				BC8C15102BAC787B0010AB59 /* MatchOverview.swift */,
			);
			path = GameDisplays;
			sourceTree = "<group>";
		};
		BCAFE2C12B4095170044225A = {
			isa = PBXGroup;
			children = (
				BC5B96602B40962700D4E621 /* HockeyKit */,
				BCAFE2CC2B4095170044225A /* SHL */,
				BC425E482B4706CC00D82CFB /* SHLWidget */,
				BC8848042BB15F4E00844DBB /* SHL Demo */,
				BCAFE2CB2B4095170044225A /* Products */,
				BC9490742BB1AAF6009047E4 /* SHLWidgetExtension.entitlements */,
				6BD7AA263289D7097A35F2B2 /* Frameworks */,
			);
			sourceTree = "<group>";
		};
		BCAFE2CB2B4095170044225A /* Products */ = {
			isa = PBXGroup;
			children = (
				BCAFE2CA2B4095170044225A /* SHL.app */,
				BC425E432B4706CC00D82CFB /* SHLWidgetExtension.appex */,
				BC8848032BB15F4E00844DBB /* SHL Demo.app */,
			);
			name = Products;
			sourceTree = "<group>";
		};
		BCAFE2CC2B4095170044225A /* SHL */ = {
			isa = PBXGroup;
			children = (
				BC8848252BB1714800844DBB /* SHL.entitlements */,
				BCD7BC162BAF69E000E208B3 /* Views */,
				BC374DF82BAD920F00378412 /* Extensions */,
				BC425E3E2B4702F900D82CFB /* Info.plist */,
				BCF54B572B40E44200960F47 /* Components */,
				BCAFE2CD2B4095170044225A /* SHLApp.swift */,
				BCD7BC142BAF69D500E208B3 /* Root.swift */,
				BCAFE2D12B4095180044225A /* Assets.xcassets */,
				BCAFE2D32B4095180044225A /* Preview Content */,
			);
			path = SHL;
			sourceTree = "<group>";
		};
		BCAFE2D32B4095180044225A /* Preview Content */ = {
			isa = PBXGroup;
			children = (
				BCAFE2D42B4095180044225A /* Preview Assets.xcassets */,
			);
			path = "Preview Content";
			sourceTree = "<group>";
		};
		BCD7BC162BAF69E000E208B3 /* Views */ = {
			isa = PBXGroup;
			children = (
				BCAFE2CF2B4095170044225A /* ContentView.swift */,
				BCD7BC172BAF6B9800E208B3 /* MatchListView.swift */,
				BC6212E42BB05B81003CCB45 /* MatchView.swift */,
			);
			path = Views;
			sourceTree = "<group>";
		};
		BCF54B572B40E44200960F47 /* Components */ = {
			isa = PBXGroup;
			children = (
				BC8C150F2BAC780F0010AB59 /* GameDisplays */,
				BCFA44AA2B44C06700B4358C /* StandingsTable.swift */,
				BC7645B52B46054A0000B7AB /* DebugView.swift */,
				BC457B1A2BB9BB9100227D75 /* PBPView.swift */,
				BC369E1B2BBAF5CC00940F42 /* VersusBar.swift */,
			);
			path = Components;
			sourceTree = "<group>";
		};
/* End PBXGroup section */

/* Begin PBXNativeTarget section */
		BC425E422B4706CC00D82CFB /* SHLWidgetExtension */ = {
			isa = PBXNativeTarget;
			buildConfigurationList = BC425E572B4706CD00D82CFB /* Build configuration list for PBXNativeTarget "SHLWidgetExtension" */;
			buildPhases = (
				BC425E3F2B4706CC00D82CFB /* Sources */,
				BC425E402B4706CC00D82CFB /* Frameworks */,
				BC425E412B4706CC00D82CFB /* Resources */,
			);
			buildRules = (
			);
			dependencies = (
			);
			name = SHLWidgetExtension;
			packageProductDependencies = (
				BC044CE92BB43F9A0058B12B /* HockeyKit */,
			);
			productName = LHFWidgetExtension;
			productReference = BC425E432B4706CC00D82CFB /* SHLWidgetExtension.appex */;
			productType = "com.apple.product-type.app-extension";
		};
		BC8848022BB15F4E00844DBB /* SHL Demo */ = {
			isa = PBXNativeTarget;
			buildConfigurationList = BC8848162BB15F4F00844DBB /* Build configuration list for PBXNativeTarget "SHL Demo" */;
			buildPhases = (
				BC8847FF2BB15F4E00844DBB /* Sources */,
				BC8848002BB15F4E00844DBB /* Frameworks */,
				BC8848012BB15F4E00844DBB /* Resources */,
			);
			buildRules = (
			);
			dependencies = (
			);
			name = "SHL Demo";
			packageProductDependencies = (
				BC8848172BB1637F00844DBB /* HockeyKit */,
			);
			productName = "LHF Demo";
			productReference = BC8848032BB15F4E00844DBB /* SHL Demo.app */;
			productType = "com.apple.product-type.application.on-demand-install-capable";
		};
		BCAFE2C92B4095170044225A /* SHL */ = {
			isa = PBXNativeTarget;
			buildConfigurationList = BCAFE2D82B4095180044225A /* Build configuration list for PBXNativeTarget "SHL" */;
			buildPhases = (
				BCAFE2C62B4095170044225A /* Sources */,
				BCAFE2C72B4095170044225A /* Frameworks */,
				BCAFE2C82B4095170044225A /* Resources */,
				BC425E5A2B4706CD00D82CFB /* Embed Foundation Extensions */,
				BC8848132BB15F4F00844DBB /* Embed App Clips */,
			);
			buildRules = (
			);
			dependencies = (
				BC425E552B4706CD00D82CFB /* PBXTargetDependency */,
				BC8848112BB15F4F00844DBB /* PBXTargetDependency */,
			);
			name = SHL;
			packageProductDependencies = (
				BC81B6502B40ACE5007B2E90 /* HockeyKit */,
			);
			productName = LHF;
			productReference = BCAFE2CA2B4095170044225A /* SHL.app */;
			productType = "com.apple.product-type.application";
		};
/* End PBXNativeTarget section */

/* Begin PBXProject section */
		BCAFE2C22B4095170044225A /* Project object */ = {
			isa = PBXProject;
			attributes = {
				BuildIndependentTargetsInParallel = 1;
				LastSwiftUpdateCheck = 1520;
				LastUpgradeCheck = 1510;
				TargetAttributes = {
					BC425E422B4706CC00D82CFB = {
						CreatedOnToolsVersion = 15.1;
					};
					BC8848022BB15F4E00844DBB = {
						CreatedOnToolsVersion = 15.2;
					};
					BCAFE2C92B4095170044225A = {
						CreatedOnToolsVersion = 15.1;
					};
				};
			};
			buildConfigurationList = BCAFE2C52B4095170044225A /* Build configuration list for PBXProject "SHL" */;
			compatibilityVersion = "Xcode 14.0";
			developmentRegion = en;
			hasScannedForEncodings = 0;
			knownRegions = (
				en,
				Base,
			);
			mainGroup = BCAFE2C12B4095170044225A;
			packageReferences = (
				801BC55B2BD06A8F00417693 /* XCRemoteSwiftPackageReference "HockeyKit" */,
			);
			productRefGroup = BCAFE2CB2B4095170044225A /* Products */;
			projectDirPath = "";
			projectRoot = "";
			targets = (
				BCAFE2C92B4095170044225A /* SHL */,
				BC425E422B4706CC00D82CFB /* SHLWidgetExtension */,
				BC8848022BB15F4E00844DBB /* SHL Demo */,
			);
		};
/* End PBXProject section */

/* Begin PBXResourcesBuildPhase section */
		BC425E412B4706CC00D82CFB /* Resources */ = {
			isa = PBXResourcesBuildPhase;
			buildActionMask = 2147483647;
			files = (
				BC425E522B4706CD00D82CFB /* Assets.xcassets in Resources */,
			);
			runOnlyForDeploymentPostprocessing = 0;
		};
		BC8848012BB15F4E00844DBB /* Resources */ = {
			isa = PBXResourcesBuildPhase;
			buildActionMask = 2147483647;
			files = (
				BC88480D2BB15F4F00844DBB /* Preview Assets.xcassets in Resources */,
				BC88480A2BB15F4F00844DBB /* Assets.xcassets in Resources */,
			);
			runOnlyForDeploymentPostprocessing = 0;
		};
		BCAFE2C82B4095170044225A /* Resources */ = {
			isa = PBXResourcesBuildPhase;
			buildActionMask = 2147483647;
			files = (
				BCAFE2D52B4095180044225A /* Preview Assets.xcassets in Resources */,
				BCAFE2D22B4095180044225A /* Assets.xcassets in Resources */,
			);
			runOnlyForDeploymentPostprocessing = 0;
		};
/* End PBXResourcesBuildPhase section */

/* Begin PBXSourcesBuildPhase section */
		BC425E3F2B4706CC00D82CFB /* Sources */ = {
			isa = PBXSourcesBuildPhase;
			buildActionMask = 2147483647;
			files = (
				BC425E4A2B4706CC00D82CFB /* SHLWidgetBundle.swift in Sources */,
				BC425E502B4706CC00D82CFB /* AppIntent.swift in Sources */,
				BC425E4C2B4706CC00D82CFB /* SHLWidgetLiveActivity.swift in Sources */,
			);
			runOnlyForDeploymentPostprocessing = 0;
		};
		BC8847FF2BB15F4E00844DBB /* Sources */ = {
			isa = PBXSourcesBuildPhase;
			buildActionMask = 2147483647;
			files = (
				BC8848082BB15F4E00844DBB /* ContentView.swift in Sources */,
				801BC55A2BCFEF2C00417693 /* StandingsTable.swift in Sources */,
				BC88481E2BB1660700844DBB /* UIImageColors.swift in Sources */,
				BC9490732BB19F63009047E4 /* PromotionBanner.swift in Sources */,
				BC8848062BB15F4E00844DBB /* LHF_DemoApp.swift in Sources */,
				BC88481B2BB1642E00844DBB /* MatchOverview.swift in Sources */,
			);
			runOnlyForDeploymentPostprocessing = 0;
		};
		BCAFE2C62B4095170044225A /* Sources */ = {
			isa = PBXSourcesBuildPhase;
			buildActionMask = 2147483647;
			files = (
				BCAFE2D02B4095170044225A /* ContentView.swift in Sources */,
				BC369E1C2BBAF5CC00940F42 /* VersusBar.swift in Sources */,
				BC8C15112BAC787B0010AB59 /* MatchOverview.swift in Sources */,
				BCD7BC182BAF6B9800E208B3 /* MatchListView.swift in Sources */,
				BC457B1B2BB9BB9100227D75 /* PBPView.swift in Sources */,
				BCD7BC152BAF69D500E208B3 /* Root.swift in Sources */,
				BC7645B62B46054A0000B7AB /* DebugView.swift in Sources */,
				BCAFE2CE2B4095170044225A /* SHLApp.swift in Sources */,
				BCFA44AB2B44C06700B4358C /* StandingsTable.swift in Sources */,
				BC6212E52BB05B81003CCB45 /* MatchView.swift in Sources */,
				BC374DFA2BAD922000378412 /* UIImageExt.swift in Sources */,
			);
			runOnlyForDeploymentPostprocessing = 0;
		};
/* End PBXSourcesBuildPhase section */

/* Begin PBXTargetDependency section */
		BC425E552B4706CD00D82CFB /* PBXTargetDependency */ = {
			isa = PBXTargetDependency;
			target = BC425E422B4706CC00D82CFB /* SHLWidgetExtension */;
			targetProxy = BC425E542B4706CD00D82CFB /* PBXContainerItemProxy */;
		};
		BC8848112BB15F4F00844DBB /* PBXTargetDependency */ = {
			isa = PBXTargetDependency;
			target = BC8848022BB15F4E00844DBB /* SHL Demo */;
			targetProxy = BC8848102BB15F4F00844DBB /* PBXContainerItemProxy */;
		};
/* End PBXTargetDependency section */

/* Begin XCBuildConfiguration section */
		BC425E582B4706CD00D82CFB /* Debug */ = {
			isa = XCBuildConfiguration;
			buildSettings = {
				ASSETCATALOG_COMPILER_GLOBAL_ACCENT_COLOR_NAME = AccentColor;
				ASSETCATALOG_COMPILER_WIDGET_BACKGROUND_COLOR_NAME = WidgetBackground;
				CODE_SIGN_ENTITLEMENTS = SHLWidgetExtension.entitlements;
				CODE_SIGN_IDENTITY = "Apple Development";
				CODE_SIGN_STYLE = Automatic;
				CURRENT_PROJECT_VERSION = 1;
				DEVELOPMENT_TEAM = 89625ZHN6X;
				GENERATE_INFOPLIST_FILE = YES;
				INFOPLIST_FILE = SHLWidget/Info.plist;
				INFOPLIST_KEY_CFBundleDisplayName = SHLWidget;
				INFOPLIST_KEY_NSHumanReadableCopyright = "";
				INFOPLIST_KEY_NSSupportsLiveActivities = YES;
				LD_RUNPATH_SEARCH_PATHS = (
					"$(inherited)",
					"@executable_path/Frameworks",
					"@executable_path/../../Frameworks",
				);
				MARKETING_VERSION = 0.1;
				PRODUCT_BUNDLE_IDENTIFIER = com.kibbewater.shl.SHLWidget;
				PRODUCT_NAME = "$(TARGET_NAME)";
				PROVISIONING_PROFILE_SPECIFIER = "";
				SKIP_INSTALL = YES;
				SUPPORTED_PLATFORMS = "iphoneos iphonesimulator";
				SUPPORTS_MACCATALYST = NO;
				SUPPORTS_MAC_DESIGNED_FOR_IPHONE_IPAD = NO;
				SUPPORTS_XR_DESIGNED_FOR_IPHONE_IPAD = NO;
				SWIFT_EMIT_LOC_STRINGS = YES;
				SWIFT_VERSION = 5.0;
				TARGETED_DEVICE_FAMILY = 1;
			};
			name = Debug;
		};
		BC425E592B4706CD00D82CFB /* Release */ = {
			isa = XCBuildConfiguration;
			buildSettings = {
				ASSETCATALOG_COMPILER_GLOBAL_ACCENT_COLOR_NAME = AccentColor;
				ASSETCATALOG_COMPILER_WIDGET_BACKGROUND_COLOR_NAME = WidgetBackground;
				CODE_SIGN_ENTITLEMENTS = SHLWidgetExtension.entitlements;
				CODE_SIGN_IDENTITY = "Apple Development";
				CODE_SIGN_STYLE = Automatic;
				CURRENT_PROJECT_VERSION = 1;
				DEVELOPMENT_TEAM = 89625ZHN6X;
				GENERATE_INFOPLIST_FILE = YES;
				INFOPLIST_FILE = SHLWidget/Info.plist;
				INFOPLIST_KEY_CFBundleDisplayName = SHLWidget;
				INFOPLIST_KEY_NSHumanReadableCopyright = "";
				INFOPLIST_KEY_NSSupportsLiveActivities = YES;
				LD_RUNPATH_SEARCH_PATHS = (
					"$(inherited)",
					"@executable_path/Frameworks",
					"@executable_path/../../Frameworks",
				);
				MARKETING_VERSION = 0.1;
				PRODUCT_BUNDLE_IDENTIFIER = com.kibbewater.shl.SHLWidget;
				PRODUCT_NAME = "$(TARGET_NAME)";
				PROVISIONING_PROFILE_SPECIFIER = "";
				SKIP_INSTALL = YES;
				SUPPORTED_PLATFORMS = "iphoneos iphonesimulator";
				SUPPORTS_MACCATALYST = NO;
				SUPPORTS_MAC_DESIGNED_FOR_IPHONE_IPAD = NO;
				SUPPORTS_XR_DESIGNED_FOR_IPHONE_IPAD = NO;
				SWIFT_EMIT_LOC_STRINGS = YES;
				SWIFT_VERSION = 5.0;
				TARGETED_DEVICE_FAMILY = 1;
			};
			name = Release;
		};
		BC8848142BB15F4F00844DBB /* Debug */ = {
			isa = XCBuildConfiguration;
			buildSettings = {
				ASSETCATALOG_COMPILER_APPICON_NAME = AppIcon;
				ASSETCATALOG_COMPILER_GLOBAL_ACCENT_COLOR_NAME = AccentColor;
				CODE_SIGN_ENTITLEMENTS = "SHL Demo/SHL_Demo.entitlements";
				CODE_SIGN_STYLE = Automatic;
				CURRENT_PROJECT_VERSION = 1;
				DEVELOPMENT_ASSET_PATHS = "\"SHL Demo/Preview Content\"";
				DEVELOPMENT_TEAM = 89625ZHN6X;
				ENABLE_PREVIEWS = YES;
				GENERATE_INFOPLIST_FILE = YES;
				INFOPLIST_FILE = "SHL Demo/Info.plist";
				INFOPLIST_KEY_CFBundleDisplayName = SHL;
				INFOPLIST_KEY_UIApplicationSceneManifest_Generation = YES;
				INFOPLIST_KEY_UIApplicationSupportsIndirectInputEvents = YES;
				INFOPLIST_KEY_UILaunchScreen_Generation = YES;
				INFOPLIST_KEY_UISupportedInterfaceOrientations = UIInterfaceOrientationPortrait;
				INFOPLIST_KEY_UISupportedInterfaceOrientations_iPad = "UIInterfaceOrientationLandscapeLeft UIInterfaceOrientationLandscapeRight UIInterfaceOrientationPortrait UIInterfaceOrientationPortraitUpsideDown";
				LD_RUNPATH_SEARCH_PATHS = (
					"$(inherited)",
					"@executable_path/Frameworks",
				);
				MARKETING_VERSION = 0.1;
				PRODUCT_BUNDLE_IDENTIFIER = com.kibbewater.shl.Clip;
				PRODUCT_NAME = "$(TARGET_NAME)";
				SUPPORTED_PLATFORMS = "iphoneos iphonesimulator";
				SUPPORTS_MACCATALYST = NO;
				SUPPORTS_MAC_DESIGNED_FOR_IPHONE_IPAD = NO;
				SUPPORTS_XR_DESIGNED_FOR_IPHONE_IPAD = NO;
				SWIFT_EMIT_LOC_STRINGS = YES;
				SWIFT_VERSION = 5.0;
				TARGETED_DEVICE_FAMILY = 1;
			};
			name = Debug;
		};
		BC8848152BB15F4F00844DBB /* Release */ = {
			isa = XCBuildConfiguration;
			buildSettings = {
				ASSETCATALOG_COMPILER_APPICON_NAME = AppIcon;
				ASSETCATALOG_COMPILER_GLOBAL_ACCENT_COLOR_NAME = AccentColor;
				CODE_SIGN_ENTITLEMENTS = "SHL Demo/SHL_Demo.entitlements";
				CODE_SIGN_STYLE = Automatic;
				CURRENT_PROJECT_VERSION = 1;
				DEVELOPMENT_ASSET_PATHS = "\"SHL Demo/Preview Content\"";
				DEVELOPMENT_TEAM = 89625ZHN6X;
				ENABLE_PREVIEWS = YES;
				GENERATE_INFOPLIST_FILE = YES;
				INFOPLIST_FILE = "SHL Demo/Info.plist";
				INFOPLIST_KEY_CFBundleDisplayName = SHL;
				INFOPLIST_KEY_UIApplicationSceneManifest_Generation = YES;
				INFOPLIST_KEY_UIApplicationSupportsIndirectInputEvents = YES;
				INFOPLIST_KEY_UILaunchScreen_Generation = YES;
				INFOPLIST_KEY_UISupportedInterfaceOrientations = UIInterfaceOrientationPortrait;
				INFOPLIST_KEY_UISupportedInterfaceOrientations_iPad = "UIInterfaceOrientationLandscapeLeft UIInterfaceOrientationLandscapeRight UIInterfaceOrientationPortrait UIInterfaceOrientationPortraitUpsideDown";
				LD_RUNPATH_SEARCH_PATHS = (
					"$(inherited)",
					"@executable_path/Frameworks",
				);
				MARKETING_VERSION = 0.1;
				PRODUCT_BUNDLE_IDENTIFIER = com.kibbewater.shl.Clip;
				PRODUCT_NAME = "$(TARGET_NAME)";
				SUPPORTED_PLATFORMS = "iphoneos iphonesimulator";
				SUPPORTS_MACCATALYST = NO;
				SUPPORTS_MAC_DESIGNED_FOR_IPHONE_IPAD = NO;
				SUPPORTS_XR_DESIGNED_FOR_IPHONE_IPAD = NO;
				SWIFT_EMIT_LOC_STRINGS = YES;
				SWIFT_VERSION = 5.0;
				TARGETED_DEVICE_FAMILY = 1;
			};
			name = Release;
		};
		BCAFE2D62B4095180044225A /* Debug */ = {
			isa = XCBuildConfiguration;
			buildSettings = {
				ALWAYS_SEARCH_USER_PATHS = NO;
				ASSETCATALOG_COMPILER_GENERATE_SWIFT_ASSET_SYMBOL_EXTENSIONS = YES;
				CLANG_ANALYZER_NONNULL = YES;
				CLANG_ANALYZER_NUMBER_OBJECT_CONVERSION = YES_AGGRESSIVE;
				CLANG_CXX_LANGUAGE_STANDARD = "gnu++20";
				CLANG_ENABLE_MODULES = YES;
				CLANG_ENABLE_OBJC_ARC = YES;
				CLANG_ENABLE_OBJC_WEAK = YES;
				CLANG_WARN_BLOCK_CAPTURE_AUTORELEASING = YES;
				CLANG_WARN_BOOL_CONVERSION = YES;
				CLANG_WARN_COMMA = YES;
				CLANG_WARN_CONSTANT_CONVERSION = YES;
				CLANG_WARN_DEPRECATED_OBJC_IMPLEMENTATIONS = YES;
				CLANG_WARN_DIRECT_OBJC_ISA_USAGE = YES_ERROR;
				CLANG_WARN_DOCUMENTATION_COMMENTS = YES;
				CLANG_WARN_EMPTY_BODY = YES;
				CLANG_WARN_ENUM_CONVERSION = YES;
				CLANG_WARN_INFINITE_RECURSION = YES;
				CLANG_WARN_INT_CONVERSION = YES;
				CLANG_WARN_NON_LITERAL_NULL_CONVERSION = YES;
				CLANG_WARN_OBJC_IMPLICIT_RETAIN_SELF = YES;
				CLANG_WARN_OBJC_LITERAL_CONVERSION = YES;
				CLANG_WARN_OBJC_ROOT_CLASS = YES_ERROR;
				CLANG_WARN_QUOTED_INCLUDE_IN_FRAMEWORK_HEADER = YES;
				CLANG_WARN_RANGE_LOOP_ANALYSIS = YES;
				CLANG_WARN_STRICT_PROTOTYPES = YES;
				CLANG_WARN_SUSPICIOUS_MOVE = YES;
				CLANG_WARN_UNGUARDED_AVAILABILITY = YES_AGGRESSIVE;
				CLANG_WARN_UNREACHABLE_CODE = YES;
				CLANG_WARN__DUPLICATE_METHOD_MATCH = YES;
				COPY_PHASE_STRIP = NO;
				DEBUG_INFORMATION_FORMAT = dwarf;
				ENABLE_STRICT_OBJC_MSGSEND = YES;
				ENABLE_TESTABILITY = YES;
				ENABLE_USER_SCRIPT_SANDBOXING = YES;
				GCC_C_LANGUAGE_STANDARD = gnu17;
				GCC_DYNAMIC_NO_PIC = NO;
				GCC_NO_COMMON_BLOCKS = YES;
				GCC_OPTIMIZATION_LEVEL = 0;
				GCC_PREPROCESSOR_DEFINITIONS = (
					"DEBUG=1",
					"$(inherited)",
				);
				GCC_WARN_64_TO_32_BIT_CONVERSION = YES;
				GCC_WARN_ABOUT_RETURN_TYPE = YES_ERROR;
				GCC_WARN_UNDECLARED_SELECTOR = YES;
				GCC_WARN_UNINITIALIZED_AUTOS = YES_AGGRESSIVE;
				GCC_WARN_UNUSED_FUNCTION = YES;
				GCC_WARN_UNUSED_VARIABLE = YES;
				IPHONEOS_DEPLOYMENT_TARGET = 17.2;
				LOCALIZATION_PREFERS_STRING_CATALOGS = YES;
				MTL_ENABLE_DEBUG_INFO = INCLUDE_SOURCE;
				MTL_FAST_MATH = YES;
				ONLY_ACTIVE_ARCH = YES;
				SDKROOT = iphoneos;
				SWIFT_ACTIVE_COMPILATION_CONDITIONS = "DEBUG $(inherited)";
				SWIFT_OPTIMIZATION_LEVEL = "-Onone";
			};
			name = Debug;
		};
		BCAFE2D72B4095180044225A /* Release */ = {
			isa = XCBuildConfiguration;
			buildSettings = {
				ALWAYS_SEARCH_USER_PATHS = NO;
				ASSETCATALOG_COMPILER_GENERATE_SWIFT_ASSET_SYMBOL_EXTENSIONS = YES;
				CLANG_ANALYZER_NONNULL = YES;
				CLANG_ANALYZER_NUMBER_OBJECT_CONVERSION = YES_AGGRESSIVE;
				CLANG_CXX_LANGUAGE_STANDARD = "gnu++20";
				CLANG_ENABLE_MODULES = YES;
				CLANG_ENABLE_OBJC_ARC = YES;
				CLANG_ENABLE_OBJC_WEAK = YES;
				CLANG_WARN_BLOCK_CAPTURE_AUTORELEASING = YES;
				CLANG_WARN_BOOL_CONVERSION = YES;
				CLANG_WARN_COMMA = YES;
				CLANG_WARN_CONSTANT_CONVERSION = YES;
				CLANG_WARN_DEPRECATED_OBJC_IMPLEMENTATIONS = YES;
				CLANG_WARN_DIRECT_OBJC_ISA_USAGE = YES_ERROR;
				CLANG_WARN_DOCUMENTATION_COMMENTS = YES;
				CLANG_WARN_EMPTY_BODY = YES;
				CLANG_WARN_ENUM_CONVERSION = YES;
				CLANG_WARN_INFINITE_RECURSION = YES;
				CLANG_WARN_INT_CONVERSION = YES;
				CLANG_WARN_NON_LITERAL_NULL_CONVERSION = YES;
				CLANG_WARN_OBJC_IMPLICIT_RETAIN_SELF = YES;
				CLANG_WARN_OBJC_LITERAL_CONVERSION = YES;
				CLANG_WARN_OBJC_ROOT_CLASS = YES_ERROR;
				CLANG_WARN_QUOTED_INCLUDE_IN_FRAMEWORK_HEADER = YES;
				CLANG_WARN_RANGE_LOOP_ANALYSIS = YES;
				CLANG_WARN_STRICT_PROTOTYPES = YES;
				CLANG_WARN_SUSPICIOUS_MOVE = YES;
				CLANG_WARN_UNGUARDED_AVAILABILITY = YES_AGGRESSIVE;
				CLANG_WARN_UNREACHABLE_CODE = YES;
				CLANG_WARN__DUPLICATE_METHOD_MATCH = YES;
				COPY_PHASE_STRIP = NO;
				DEBUG_INFORMATION_FORMAT = "dwarf-with-dsym";
				ENABLE_NS_ASSERTIONS = NO;
				ENABLE_STRICT_OBJC_MSGSEND = YES;
				ENABLE_USER_SCRIPT_SANDBOXING = YES;
				GCC_C_LANGUAGE_STANDARD = gnu17;
				GCC_NO_COMMON_BLOCKS = YES;
				GCC_WARN_64_TO_32_BIT_CONVERSION = YES;
				GCC_WARN_ABOUT_RETURN_TYPE = YES_ERROR;
				GCC_WARN_UNDECLARED_SELECTOR = YES;
				GCC_WARN_UNINITIALIZED_AUTOS = YES_AGGRESSIVE;
				GCC_WARN_UNUSED_FUNCTION = YES;
				GCC_WARN_UNUSED_VARIABLE = YES;
				IPHONEOS_DEPLOYMENT_TARGET = 17.2;
				LOCALIZATION_PREFERS_STRING_CATALOGS = YES;
				MTL_ENABLE_DEBUG_INFO = NO;
				MTL_FAST_MATH = YES;
				SDKROOT = iphoneos;
				SWIFT_COMPILATION_MODE = wholemodule;
				VALIDATE_PRODUCT = YES;
			};
			name = Release;
		};
		BCAFE2D92B4095180044225A /* Debug */ = {
			isa = XCBuildConfiguration;
			buildSettings = {
				ALWAYS_EMBED_SWIFT_STANDARD_LIBRARIES = YES;
				ASSETCATALOG_COMPILER_APPICON_NAME = AppIcon;
				ASSETCATALOG_COMPILER_GLOBAL_ACCENT_COLOR_NAME = AccentColor;
				CODE_SIGN_ENTITLEMENTS = SHL/SHL.entitlements;
				CODE_SIGN_STYLE = Automatic;
				CURRENT_PROJECT_VERSION = 1;
				DEVELOPMENT_ASSET_PATHS = "\"SHL/Preview Content\"";
				DEVELOPMENT_TEAM = 89625ZHN6X;
				ENABLE_PREVIEWS = YES;
				GENERATE_INFOPLIST_FILE = YES;
				INFOPLIST_FILE = SHL/Info.plist;
				INFOPLIST_KEY_CFBundleDisplayName = SHL;
				INFOPLIST_KEY_LSApplicationCategoryType = "public.app-category.sports";
				INFOPLIST_KEY_NSSupportsLiveActivities = YES;
				INFOPLIST_KEY_UIApplicationSceneManifest_Generation = YES;
				INFOPLIST_KEY_UIApplicationSupportsIndirectInputEvents = YES;
				INFOPLIST_KEY_UILaunchScreen_Generation = YES;
				INFOPLIST_KEY_UISupportedInterfaceOrientations = "UIInterfaceOrientationPortrait UIInterfaceOrientationPortraitUpsideDown";
				IPHONEOS_DEPLOYMENT_TARGET = 17.0;
				LD_RUNPATH_SEARCH_PATHS = (
					"$(inherited)",
					"@executable_path/Frameworks",
				);
				MARKETING_VERSION = 0.1;
				PRODUCT_BUNDLE_IDENTIFIER = com.kibbewater.shl;
				PRODUCT_NAME = "$(TARGET_NAME)";
				SUPPORTED_PLATFORMS = "iphoneos iphonesimulator";
				SUPPORTS_MACCATALYST = NO;
				SUPPORTS_MAC_DESIGNED_FOR_IPHONE_IPAD = NO;
				SUPPORTS_XR_DESIGNED_FOR_IPHONE_IPAD = NO;
				SWIFT_EMIT_LOC_STRINGS = YES;
				SWIFT_VERSION = 5.0;
				TARGETED_DEVICE_FAMILY = 1;
			};
			name = Debug;
		};
		BCAFE2DA2B4095180044225A /* Release */ = {
			isa = XCBuildConfiguration;
			buildSettings = {
				ALWAYS_EMBED_SWIFT_STANDARD_LIBRARIES = YES;
				ASSETCATALOG_COMPILER_APPICON_NAME = AppIcon;
				ASSETCATALOG_COMPILER_GLOBAL_ACCENT_COLOR_NAME = AccentColor;
				CODE_SIGN_ENTITLEMENTS = SHL/SHL.entitlements;
				CODE_SIGN_STYLE = Automatic;
				CURRENT_PROJECT_VERSION = 1;
				DEVELOPMENT_ASSET_PATHS = "\"SHL/Preview Content\"";
				DEVELOPMENT_TEAM = 89625ZHN6X;
				ENABLE_PREVIEWS = YES;
				GENERATE_INFOPLIST_FILE = YES;
				INFOPLIST_FILE = SHL/Info.plist;
				INFOPLIST_KEY_CFBundleDisplayName = SHL;
				INFOPLIST_KEY_LSApplicationCategoryType = "public.app-category.sports";
				INFOPLIST_KEY_NSSupportsLiveActivities = YES;
				INFOPLIST_KEY_UIApplicationSceneManifest_Generation = YES;
				INFOPLIST_KEY_UIApplicationSupportsIndirectInputEvents = YES;
				INFOPLIST_KEY_UILaunchScreen_Generation = YES;
				INFOPLIST_KEY_UISupportedInterfaceOrientations = "UIInterfaceOrientationPortrait UIInterfaceOrientationPortraitUpsideDown";
				IPHONEOS_DEPLOYMENT_TARGET = 17.0;
				LD_RUNPATH_SEARCH_PATHS = (
					"$(inherited)",
					"@executable_path/Frameworks",
				);
				MARKETING_VERSION = 0.1;
				PRODUCT_BUNDLE_IDENTIFIER = com.kibbewater.shl;
				PRODUCT_NAME = "$(TARGET_NAME)";
				SUPPORTED_PLATFORMS = "iphoneos iphonesimulator";
				SUPPORTS_MACCATALYST = NO;
				SUPPORTS_MAC_DESIGNED_FOR_IPHONE_IPAD = NO;
				SUPPORTS_XR_DESIGNED_FOR_IPHONE_IPAD = NO;
				SWIFT_EMIT_LOC_STRINGS = YES;
				SWIFT_VERSION = 5.0;
				TARGETED_DEVICE_FAMILY = 1;
			};
			name = Release;
		};
/* End XCBuildConfiguration section */

/* Begin XCConfigurationList section */
		BC425E572B4706CD00D82CFB /* Build configuration list for PBXNativeTarget "SHLWidgetExtension" */ = {
			isa = XCConfigurationList;
			buildConfigurations = (
				BC425E582B4706CD00D82CFB /* Debug */,
				BC425E592B4706CD00D82CFB /* Release */,
			);
			defaultConfigurationIsVisible = 0;
			defaultConfigurationName = Release;
		};
		BC8848162BB15F4F00844DBB /* Build configuration list for PBXNativeTarget "SHL Demo" */ = {
			isa = XCConfigurationList;
			buildConfigurations = (
				BC8848142BB15F4F00844DBB /* Debug */,
				BC8848152BB15F4F00844DBB /* Release */,
			);
			defaultConfigurationIsVisible = 0;
			defaultConfigurationName = Release;
		};
		BCAFE2C52B4095170044225A /* Build configuration list for PBXProject "SHL" */ = {
			isa = XCConfigurationList;
			buildConfigurations = (
				BCAFE2D62B4095180044225A /* Debug */,
				BCAFE2D72B4095180044225A /* Release */,
			);
			defaultConfigurationIsVisible = 0;
			defaultConfigurationName = Release;
		};
		BCAFE2D82B4095180044225A /* Build configuration list for PBXNativeTarget "SHL" */ = {
			isa = XCConfigurationList;
			buildConfigurations = (
				BCAFE2D92B4095180044225A /* Debug */,
				BCAFE2DA2B4095180044225A /* Release */,
			);
			defaultConfigurationIsVisible = 0;
			defaultConfigurationName = Release;
		};
/* End XCConfigurationList section */

/* Begin XCRemoteSwiftPackageReference section */
		801BC55B2BD06A8F00417693 /* XCRemoteSwiftPackageReference "HockeyKit" */ = {
			isa = XCRemoteSwiftPackageReference;
			repositoryURL = "git@github.com:KibbeWater/HockeyKit.git";
			requirement = {
				branch = main;
				kind = branch;
			};
		};
/* End XCRemoteSwiftPackageReference section */

/* Begin XCSwiftPackageProductDependency section */
		BC044CE92BB43F9A0058B12B /* HockeyKit */ = {
			isa = XCSwiftPackageProductDependency;
			productName = HockeyKit;
		};
		BC81B6502B40ACE5007B2E90 /* HockeyKit */ = {
			isa = XCSwiftPackageProductDependency;
			productName = HockeyKit;
		};
		BC8848172BB1637F00844DBB /* HockeyKit */ = {
			isa = XCSwiftPackageProductDependency;
			productName = HockeyKit;
		};
/* End XCSwiftPackageProductDependency section */
	};
	rootObject = BCAFE2C22B4095170044225A /* Project object */;
}
